// !$*UTF8*$!
{
	archiveVersion = 1;
	classes = {
	};
	objectVersion = 46;
	objects = {

/* Begin PBXBuildFile section */
		041018711EADE30000745DED /* AlamofireObjectMapper.swift in Sources */ = {isa = PBXBuildFile; fileRef = 041018701EADE30000745DED /* AlamofireObjectMapper.swift */; };
		041018741EAE31E800745DED /* Media.storyboard in Resources */ = {isa = PBXBuildFile; fileRef = 041018731EAE31E800745DED /* Media.storyboard */; };
		041018781EAE336100745DED /* AllMediaTVCell.swift in Sources */ = {isa = PBXBuildFile; fileRef = 041018761EAE336100745DED /* AllMediaTVCell.swift */; };
		041018791EAE336100745DED /* AllMediaTVCell.xib in Resources */ = {isa = PBXBuildFile; fileRef = 041018771EAE336100745DED /* AllMediaTVCell.xib */; };
		0410187C1EAE3BE900745DED /* MediaCollectionViewCell.swift in Sources */ = {isa = PBXBuildFile; fileRef = 0410187A1EAE3BE900745DED /* MediaCollectionViewCell.swift */; };
		0410187D1EAE3BE900745DED /* MediaCollectionViewCell.xib in Resources */ = {isa = PBXBuildFile; fileRef = 0410187B1EAE3BE900745DED /* MediaCollectionViewCell.xib */; };
		041018801EAE3DE000745DED /* MainMediaViewController.swift in Sources */ = {isa = PBXBuildFile; fileRef = 0410187F1EAE3DE000745DED /* MainMediaViewController.swift */; };
		041018831EAE47C800745DED /* MediaModel.swift in Sources */ = {isa = PBXBuildFile; fileRef = 041018821EAE47C800745DED /* MediaModel.swift */; };
		04148D881EA899A60056D18E /* SignInViewController.swift in Sources */ = {isa = PBXBuildFile; fileRef = 04148D871EA899A60056D18E /* SignInViewController.swift */; };
		04148D8A1EA8C2140056D18E /* GoogleService-Info.plist in Resources */ = {isa = PBXBuildFile; fileRef = 04148D891EA8C2140056D18E /* GoogleService-Info.plist */; };
		041BAEC31ECC52A20010A34C /* Constants.swift in Sources */ = {isa = PBXBuildFile; fileRef = 041BAEC21ECC52A20010A34C /* Constants.swift */; };
		0422F1481EAA3340003A0054 /* LivingWordsAPI.swift in Sources */ = {isa = PBXBuildFile; fileRef = 0422F1471EAA3340003A0054 /* LivingWordsAPI.swift */; };
		04405B6D1EB347D900F16687 /* BookTypeCollectionVCell.swift in Sources */ = {isa = PBXBuildFile; fileRef = 04405B6B1EB347D900F16687 /* BookTypeCollectionVCell.swift */; };
		04405B6E1EB347D900F16687 /* BookTypeCollectionVCell.xib in Resources */ = {isa = PBXBuildFile; fileRef = 04405B6C1EB347D900F16687 /* BookTypeCollectionVCell.xib */; };
		04405B701EB36F8500F16687 /* ForgotPasswordViewController.swift in Sources */ = {isa = PBXBuildFile; fileRef = 04405B6F1EB36F8500F16687 /* ForgotPasswordViewController.swift */; };
		04405B721EB36FAE00F16687 /* NewPasswordViewController.swift in Sources */ = {isa = PBXBuildFile; fileRef = 04405B711EB36FAE00F16687 /* NewPasswordViewController.swift */; };
		044491691EB1D24E0048BB05 /* MediaModelCell.swift in Sources */ = {isa = PBXBuildFile; fileRef = 044491681EB1D24E0048BB05 /* MediaModelCell.swift */; };
		044BA0851ED462F0004C09E5 /* Verse.swift in Sources */ = {isa = PBXBuildFile; fileRef = 044BA0841ED462F0004C09E5 /* Verse.swift */; };
		044EEBB11EC5F9800092CFD3 /* LinkViewController.swift in Sources */ = {isa = PBXBuildFile; fileRef = 044EEBAF1EC5F9800092CFD3 /* LinkViewController.swift */; };
		044EEBB21EC5F9800092CFD3 /* UploadSermonesVC.swift in Sources */ = {isa = PBXBuildFile; fileRef = 044EEBB01EC5F9800092CFD3 /* UploadSermonesVC.swift */; };
		044EEBB81EC5F9B30092CFD3 /* BottomUploadMusicCell.swift in Sources */ = {isa = PBXBuildFile; fileRef = 044EEBB31EC5F9B30092CFD3 /* BottomUploadMusicCell.swift */; };
		044EEBB91EC5F9B30092CFD3 /* BottomUploadMusicCell.xib in Resources */ = {isa = PBXBuildFile; fileRef = 044EEBB41EC5F9B30092CFD3 /* BottomUploadMusicCell.xib */; };
		044EEBBA1EC5F9B30092CFD3 /* TopCellUploadMusicCell.swift in Sources */ = {isa = PBXBuildFile; fileRef = 044EEBB51EC5F9B30092CFD3 /* TopCellUploadMusicCell.swift */; };
		044EEBBB1EC5F9B30092CFD3 /* TopCellUploadMusicCell.xib in Resources */ = {isa = PBXBuildFile; fileRef = 044EEBB61EC5F9B30092CFD3 /* TopCellUploadMusicCell.xib */; };
		044EEBBE1EC5FA280092CFD3 /* UploadMusicTVC.swift in Sources */ = {isa = PBXBuildFile; fileRef = 044EEBBD1EC5FA280092CFD3 /* UploadMusicTVC.swift */; };
		044EEBC11EC5FA720092CFD3 /* MusicUploadTVC.swift in Sources */ = {isa = PBXBuildFile; fileRef = 044EEBBF1EC5FA720092CFD3 /* MusicUploadTVC.swift */; };
		044EEBC21EC5FA720092CFD3 /* MusicUploadTVC.xib in Resources */ = {isa = PBXBuildFile; fileRef = 044EEBC01EC5FA720092CFD3 /* MusicUploadTVC.xib */; };
		044EEBC71EC6034E0092CFD3 /* UploadMovieTVC.swift in Sources */ = {isa = PBXBuildFile; fileRef = 044EEBC61EC6034E0092CFD3 /* UploadMovieTVC.swift */; };
		045B25671EDC09060019D2D6 /* CollectionViewCell.swift in Sources */ = {isa = PBXBuildFile; fileRef = 045B25661EDC09060019D2D6 /* CollectionViewCell.swift */; };
		0476ED101ED81CF4006AE7E2 /* ViewController.swift in Sources */ = {isa = PBXBuildFile; fileRef = 0476ED0F1ED81CF4006AE7E2 /* ViewController.swift */; };
		0476ED131ED81DE7006AE7E2 /* ContentProviderType.swift in Sources */ = {isa = PBXBuildFile; fileRef = 0476ED121ED81DE7006AE7E2 /* ContentProviderType.swift */; };
		0476ED151ED81DFC006AE7E2 /* ScripureMediaType.swift in Sources */ = {isa = PBXBuildFile; fileRef = 0476ED141ED81DFC006AE7E2 /* ScripureMediaType.swift */; };
		0476ED171ED82BD3006AE7E2 /* MediaCellType.swift in Sources */ = {isa = PBXBuildFile; fileRef = 0476ED161ED82BD3006AE7E2 /* MediaCellType.swift */; };
		0476ED1B1ED82C46006AE7E2 /* Verse_Media.swift in Sources */ = {isa = PBXBuildFile; fileRef = 0476ED1A1ED82C46006AE7E2 /* Verse_Media.swift */; };
		0476ED1D1ED84455006AE7E2 /* CollectionView.swift in Sources */ = {isa = PBXBuildFile; fileRef = 0476ED1C1ED84455006AE7E2 /* CollectionView.swift */; };
		0476ED1F1ED84891006AE7E2 /* Media.swift in Sources */ = {isa = PBXBuildFile; fileRef = 0476ED1E1ED84891006AE7E2 /* Media.swift */; };
		04F8E9CF1EB0921A0034360D /* CustomProgressSlider.swift in Sources */ = {isa = PBXBuildFile; fileRef = 04F8E9C91EB0921A0034360D /* CustomProgressSlider.swift */; };
		04F8E9D01EB0921A0034360D /* YTFAnimation.swift in Sources */ = {isa = PBXBuildFile; fileRef = 04F8E9CA1EB0921A0034360D /* YTFAnimation.swift */; };
		04F8E9D11EB0921A0034360D /* YTFPlayer.swift in Sources */ = {isa = PBXBuildFile; fileRef = 04F8E9CB1EB0921A0034360D /* YTFPlayer.swift */; };
		04F8E9D21EB0921A0034360D /* YTFPlayerControls.swift in Sources */ = {isa = PBXBuildFile; fileRef = 04F8E9CC1EB0921A0034360D /* YTFPlayerControls.swift */; };
		04F8E9D31EB0921A0034360D /* YTFPopupCloseButton.swift in Sources */ = {isa = PBXBuildFile; fileRef = 04F8E9CD1EB0921A0034360D /* YTFPopupCloseButton.swift */; };
		04F8E9D41EB0921A0034360D /* YTFViewController.swift in Sources */ = {isa = PBXBuildFile; fileRef = 04F8E9CE1EB0921A0034360D /* YTFViewController.swift */; };
		04F8E9D61EB092200034360D /* YTFViewController.xib in Resources */ = {isa = PBXBuildFile; fileRef = 04F8E9D51EB092200034360D /* YTFViewController.xib */; };
		08C5E7E9FFACB480AB6786CB /* Pods_BibleAppUITests.framework in Frameworks */ = {isa = PBXBuildFile; fileRef = 6185881FF9E472B1B3C72FA9 /* Pods_BibleAppUITests.framework */; };
		0F055EE01EE4C9E700F1B533 /* NewLoginViewController.swift in Sources */ = {isa = PBXBuildFile; fileRef = 0F055EDF1EE4C9E700F1B533 /* NewLoginViewController.swift */; };
		0F055EE31EEB62EE00F1B533 /* EmailVerifierController.swift in Sources */ = {isa = PBXBuildFile; fileRef = 0F055EE21EEB62EE00F1B533 /* EmailVerifierController.swift */; };
		0FBCB7FA1EE4BBE900DC201A /* NewLogIn.storyboard in Resources */ = {isa = PBXBuildFile; fileRef = 0FBCB7F81EE4BBE900DC201A /* NewLogIn.storyboard */; };
		21205B3E02A79102CF14E726 /* Pods_BibleAppTests.framework in Frameworks */ = {isa = PBXBuildFile; fileRef = D061C126F7F34DDE66BB4323 /* Pods_BibleAppTests.framework */; };
		2B005BC91EA91EC6000CD94D /* RoundedButton.swift in Sources */ = {isa = PBXBuildFile; fileRef = 2B005BC81EA91EC6000CD94D /* RoundedButton.swift */; };
		2B2A93E71EA795E6007464F0 /* AppDelegate.swift in Sources */ = {isa = PBXBuildFile; fileRef = 2B2A93E61EA795E6007464F0 /* AppDelegate.swift */; };
		2B2A93E91EA795E6007464F0 /* SplashViewController.swift in Sources */ = {isa = PBXBuildFile; fileRef = 2B2A93E81EA795E6007464F0 /* SplashViewController.swift */; };
		2B2A93EC1EA795E6007464F0 /* Main.storyboard in Resources */ = {isa = PBXBuildFile; fileRef = 2B2A93EA1EA795E6007464F0 /* Main.storyboard */; };
		2B2A93EE1EA795E6007464F0 /* Assets.xcassets in Resources */ = {isa = PBXBuildFile; fileRef = 2B2A93ED1EA795E6007464F0 /* Assets.xcassets */; };
		2B2A93F11EA795E6007464F0 /* LaunchScreen.storyboard in Resources */ = {isa = PBXBuildFile; fileRef = 2B2A93EF1EA795E6007464F0 /* LaunchScreen.storyboard */; };
		2B2A93FC1EA795E6007464F0 /* BibleAppTests.swift in Sources */ = {isa = PBXBuildFile; fileRef = 2B2A93FB1EA795E6007464F0 /* BibleAppTests.swift */; };
		2B2A94071EA795E6007464F0 /* BibleAppUITests.swift in Sources */ = {isa = PBXBuildFile; fileRef = 2B2A94061EA795E6007464F0 /* BibleAppUITests.swift */; };
		2B3BEC621EAF118700BD1BE0 /* CustomSearchBar.swift in Sources */ = {isa = PBXBuildFile; fileRef = 2B3BEC611EAF118700BD1BE0 /* CustomSearchBar.swift */; };
		2B3BEC641EAF4EF500BD1BE0 /* CustomTextField.swift in Sources */ = {isa = PBXBuildFile; fileRef = 2B3BEC631EAF4EF500BD1BE0 /* CustomTextField.swift */; };
		2B4423DE1EA9E6D5006AB9CF /* ScriptureTableViewCell.xib in Resources */ = {isa = PBXBuildFile; fileRef = 2B4423DD1EA9E6D5006AB9CF /* ScriptureTableViewCell.xib */; };
		2B4423E01EA9E6E1006AB9CF /* MainTableView.storyboard in Resources */ = {isa = PBXBuildFile; fileRef = 2B4423DF1EA9E6E1006AB9CF /* MainTableView.storyboard */; };
		2B4423E21EA9E6E9006AB9CF /* MainTableViewController.swift in Sources */ = {isa = PBXBuildFile; fileRef = 2B4423E11EA9E6E9006AB9CF /* MainTableViewController.swift */; };
		2B4423E41EA9E6F0006AB9CF /* ScriptureTableViewCell.swift in Sources */ = {isa = PBXBuildFile; fileRef = 2B4423E31EA9E6F0006AB9CF /* ScriptureTableViewCell.swift */; };
		2B4423E61EA9E6F6006AB9CF /* Scripture.swift in Sources */ = {isa = PBXBuildFile; fileRef = 2B4423E51EA9E6F6006AB9CF /* Scripture.swift */; };
		2B4423EA1EAA502D006AB9CF /* User.swift in Sources */ = {isa = PBXBuildFile; fileRef = 2B4423E91EAA502D006AB9CF /* User.swift */; };
		2B4423EC1EAA54EB006AB9CF /* AlamofireService.swift in Sources */ = {isa = PBXBuildFile; fileRef = 2B4423EB1EAA54EB006AB9CF /* AlamofireService.swift */; };
		2B472F121EAE2E8B004084F1 /* Search.swift in Sources */ = {isa = PBXBuildFile; fileRef = 2B472F111EAE2E8B004084F1 /* Search.swift */; };
		3A55447B1ECC7DD8003D2EFD /* ContentProviderProfile.storyboard in Resources */ = {isa = PBXBuildFile; fileRef = 3A55447A1ECC7DD8003D2EFD /* ContentProviderProfile.storyboard */; };
		3A55447D1ECC99D8003D2EFD /* ContentProviderProfileVC.swift in Sources */ = {isa = PBXBuildFile; fileRef = 3A55447C1ECC99D8003D2EFD /* ContentProviderProfileVC.swift */; };
		3ADA61EA1EC9FC93006AB3F2 /* Post.swift in Sources */ = {isa = PBXBuildFile; fileRef = 3ADA61E91EC9FC93006AB3F2 /* Post.swift */; };
		3ADA61EC1ECB039B006AB3F2 /* ProfileViewController.swift in Sources */ = {isa = PBXBuildFile; fileRef = 3ADA61EB1ECB039B006AB3F2 /* ProfileViewController.swift */; };
		7825EAF21EB32EF600C1D180 /* Login.storyboard in Resources */ = {isa = PBXBuildFile; fileRef = 7825EAF11EB32EF600C1D180 /* Login.storyboard */; };
		7825EAFB1EB352BA00C1D180 /* HomeViewController.swift in Sources */ = {isa = PBXBuildFile; fileRef = 7825EAFA1EB352BA00C1D180 /* HomeViewController.swift */; };
		7825EAFD1EB3C50F00C1D180 /* RoundedTextField.swift in Sources */ = {isa = PBXBuildFile; fileRef = 7825EAFC1EB3C50F00C1D180 /* RoundedTextField.swift */; };
		784D52291EB2394600A27112 /* CustomView.swift in Sources */ = {isa = PBXBuildFile; fileRef = 784D52281EB2394600A27112 /* CustomView.swift */; };
		784D522B1EB23E5E00A27112 /* CustomCurveView.swift in Sources */ = {isa = PBXBuildFile; fileRef = 784D522A1EB23E5E00A27112 /* CustomCurveView.swift */; };
		A8151FD2FEADD86FADB49607 /* Pods_BibleApp.framework in Frameworks */ = {isa = PBXBuildFile; fileRef = 00904AFE42544FD65EB14C33 /* Pods_BibleApp.framework */; };
		FC3EFC981EC4898000C46837 /* BookUpload.storyboard in Resources */ = {isa = PBXBuildFile; fileRef = FC3EFC971EC4898000C46837 /* BookUpload.storyboard */; };
		FC3EFC9A1EC48C7B00C46837 /* AuthorNameTableViewCell.swift in Sources */ = {isa = PBXBuildFile; fileRef = FC3EFC991EC48C7B00C46837 /* AuthorNameTableViewCell.swift */; };
		FC3EFC9D1EC48CB500C46837 /* AuthorNameTableViewCell.xib in Resources */ = {isa = PBXBuildFile; fileRef = FC3EFC9C1EC48CB500C46837 /* AuthorNameTableViewCell.xib */; };
		FC3EFC9F1EC48D6100C46837 /* BookUploadViewController.swift in Sources */ = {isa = PBXBuildFile; fileRef = FC3EFC9E1EC48D6100C46837 /* BookUploadViewController.swift */; };
		FC3EFCA31EC4972500C46837 /* UploadBookTableViewCell.swift in Sources */ = {isa = PBXBuildFile; fileRef = FC3EFCA21EC4972500C46837 /* UploadBookTableViewCell.swift */; };
		FC3EFCA51EC4974200C46837 /* UploadBookTableViewCell.xib in Resources */ = {isa = PBXBuildFile; fileRef = FC3EFCA41EC4974200C46837 /* UploadBookTableViewCell.xib */; };
		FC3EFCA81EC49CF000C46837 /* TagScriptureTableViewCell.swift in Sources */ = {isa = PBXBuildFile; fileRef = FC3EFCA71EC49CEF00C46837 /* TagScriptureTableViewCell.swift */; };
		FC3EFCAA1EC49D0D00C46837 /* TagScriptureTableViewCell.xib in Resources */ = {isa = PBXBuildFile; fileRef = FC3EFCA91EC49D0D00C46837 /* TagScriptureTableViewCell.xib */; };
		FC3EFCAD1EC4A12F00C46837 /* BookDescriptionTableViewCell.swift in Sources */ = {isa = PBXBuildFile; fileRef = FC3EFCAC1EC4A12F00C46837 /* BookDescriptionTableViewCell.swift */; };
		FC3EFCAF1EC4A14200C46837 /* BookDescriptionTableViewCell.xib in Resources */ = {isa = PBXBuildFile; fileRef = FC3EFCAE1EC4A14200C46837 /* BookDescriptionTableViewCell.xib */; };
		FC3EFCB21EC4A1E100C46837 /* TagsTableViewCell.swift in Sources */ = {isa = PBXBuildFile; fileRef = FC3EFCB11EC4A1E100C46837 /* TagsTableViewCell.swift */; };
		FC3EFCB41EC4A21500C46837 /* TagsTableViewCell.xib in Resources */ = {isa = PBXBuildFile; fileRef = FC3EFCB31EC4A21500C46837 /* TagsTableViewCell.xib */; };
		FC3EFCB61EC4CAAE00C46837 /* ScriptureSelectionViewController.swift in Sources */ = {isa = PBXBuildFile; fileRef = FC3EFCB51EC4CAAE00C46837 /* ScriptureSelectionViewController.swift */; };
		FC3EFCB91EC4CEE600C46837 /* ScriptureSelectionTableViewCell.swift in Sources */ = {isa = PBXBuildFile; fileRef = FC3EFCB81EC4CEE600C46837 /* ScriptureSelectionTableViewCell.swift */; };
		FC3EFCBB1EC4CF0100C46837 /* ScriptureSelectionTableViewCell.xib in Resources */ = {isa = PBXBuildFile; fileRef = FC3EFCBA1EC4CF0100C46837 /* ScriptureSelectionTableViewCell.xib */; };
		FC6470591ED70835001BB623 /* ProfileMediaTableViewCell.xib in Resources */ = {isa = PBXBuildFile; fileRef = FC6470581ED70835001BB623 /* ProfileMediaTableViewCell.xib */; };
		FC64705B1ED70B64001BB623 /* ProfileMediaTableViewCell.swift in Sources */ = {isa = PBXBuildFile; fileRef = FC64705A1ED70B64001BB623 /* ProfileMediaTableViewCell.swift */; };
		FC64705D1ED70B7A001BB623 /* ProfileCollectionViewCell.swift in Sources */ = {isa = PBXBuildFile; fileRef = FC64705C1ED70B7A001BB623 /* ProfileCollectionViewCell.swift */; };
		FC64705F1ED70B98001BB623 /* ProfileCollectionViewCell.xib in Resources */ = {isa = PBXBuildFile; fileRef = FC64705E1ED70B98001BB623 /* ProfileCollectionViewCell.xib */; };
/* End PBXBuildFile section */

/* Begin PBXContainerItemProxy section */
		2B2A93F81EA795E6007464F0 /* PBXContainerItemProxy */ = {
			isa = PBXContainerItemProxy;
			containerPortal = 2B2A93DB1EA795E6007464F0 /* Project object */;
			proxyType = 1;
			remoteGlobalIDString = 2B2A93E21EA795E6007464F0;
			remoteInfo = BibleApp;
		};
		2B2A94031EA795E6007464F0 /* PBXContainerItemProxy */ = {
			isa = PBXContainerItemProxy;
			containerPortal = 2B2A93DB1EA795E6007464F0 /* Project object */;
			proxyType = 1;
			remoteGlobalIDString = 2B2A93E21EA795E6007464F0;
			remoteInfo = BibleApp;
		};
/* End PBXContainerItemProxy section */

/* Begin PBXFileReference section */
		00904AFE42544FD65EB14C33 /* Pods_BibleApp.framework */ = {isa = PBXFileReference; explicitFileType = wrapper.framework; includeInIndex = 0; path = Pods_BibleApp.framework; sourceTree = BUILT_PRODUCTS_DIR; };
		01EE202EC68D66D91CD0C9FF /* Pods-BibleAppTests.debug.xcconfig */ = {isa = PBXFileReference; includeInIndex = 1; lastKnownFileType = text.xcconfig; name = "Pods-BibleAppTests.debug.xcconfig"; path = "Pods/Target Support Files/Pods-BibleAppTests/Pods-BibleAppTests.debug.xcconfig"; sourceTree = "<group>"; };
		041018701EADE30000745DED /* AlamofireObjectMapper.swift */ = {isa = PBXFileReference; fileEncoding = 4; lastKnownFileType = sourcecode.swift; path = AlamofireObjectMapper.swift; sourceTree = "<group>"; };
		041018731EAE31E800745DED /* Media.storyboard */ = {isa = PBXFileReference; fileEncoding = 4; lastKnownFileType = file.storyboard; path = Media.storyboard; sourceTree = "<group>"; };
		041018761EAE336100745DED /* AllMediaTVCell.swift */ = {isa = PBXFileReference; fileEncoding = 4; lastKnownFileType = sourcecode.swift; path = AllMediaTVCell.swift; sourceTree = "<group>"; };
		041018771EAE336100745DED /* AllMediaTVCell.xib */ = {isa = PBXFileReference; fileEncoding = 4; lastKnownFileType = file.xib; path = AllMediaTVCell.xib; sourceTree = "<group>"; };
		0410187A1EAE3BE900745DED /* MediaCollectionViewCell.swift */ = {isa = PBXFileReference; fileEncoding = 4; lastKnownFileType = sourcecode.swift; path = MediaCollectionViewCell.swift; sourceTree = "<group>"; };
		0410187B1EAE3BE900745DED /* MediaCollectionViewCell.xib */ = {isa = PBXFileReference; fileEncoding = 4; lastKnownFileType = file.xib; path = MediaCollectionViewCell.xib; sourceTree = "<group>"; };
		0410187F1EAE3DE000745DED /* MainMediaViewController.swift */ = {isa = PBXFileReference; fileEncoding = 4; lastKnownFileType = sourcecode.swift; path = MainMediaViewController.swift; sourceTree = "<group>"; };
		041018821EAE47C800745DED /* MediaModel.swift */ = {isa = PBXFileReference; fileEncoding = 4; lastKnownFileType = sourcecode.swift; path = MediaModel.swift; sourceTree = "<group>"; };
		04148D871EA899A60056D18E /* SignInViewController.swift */ = {isa = PBXFileReference; fileEncoding = 4; lastKnownFileType = sourcecode.swift; path = SignInViewController.swift; sourceTree = "<group>"; };
		04148D891EA8C2140056D18E /* GoogleService-Info.plist */ = {isa = PBXFileReference; fileEncoding = 4; lastKnownFileType = text.plist.xml; path = "GoogleService-Info.plist"; sourceTree = "<group>"; };
		041BAEC21ECC52A20010A34C /* Constants.swift */ = {isa = PBXFileReference; fileEncoding = 4; lastKnownFileType = sourcecode.swift; path = Constants.swift; sourceTree = "<group>"; };
		0422F1471EAA3340003A0054 /* LivingWordsAPI.swift */ = {isa = PBXFileReference; fileEncoding = 4; lastKnownFileType = sourcecode.swift; path = LivingWordsAPI.swift; sourceTree = "<group>"; };
		04405B6B1EB347D900F16687 /* BookTypeCollectionVCell.swift */ = {isa = PBXFileReference; fileEncoding = 4; lastKnownFileType = sourcecode.swift; path = BookTypeCollectionVCell.swift; sourceTree = "<group>"; };
		04405B6C1EB347D900F16687 /* BookTypeCollectionVCell.xib */ = {isa = PBXFileReference; fileEncoding = 4; lastKnownFileType = file.xib; path = BookTypeCollectionVCell.xib; sourceTree = "<group>"; };
		04405B6F1EB36F8500F16687 /* ForgotPasswordViewController.swift */ = {isa = PBXFileReference; fileEncoding = 4; lastKnownFileType = sourcecode.swift; path = ForgotPasswordViewController.swift; sourceTree = "<group>"; };
		04405B711EB36FAE00F16687 /* NewPasswordViewController.swift */ = {isa = PBXFileReference; fileEncoding = 4; lastKnownFileType = sourcecode.swift; path = NewPasswordViewController.swift; sourceTree = "<group>"; };
		044491681EB1D24E0048BB05 /* MediaModelCell.swift */ = {isa = PBXFileReference; fileEncoding = 4; lastKnownFileType = sourcecode.swift; path = MediaModelCell.swift; sourceTree = "<group>"; };
		044BA0841ED462F0004C09E5 /* Verse.swift */ = {isa = PBXFileReference; fileEncoding = 4; lastKnownFileType = sourcecode.swift; path = Verse.swift; sourceTree = "<group>"; };
		044EEBAF1EC5F9800092CFD3 /* LinkViewController.swift */ = {isa = PBXFileReference; fileEncoding = 4; lastKnownFileType = sourcecode.swift; path = LinkViewController.swift; sourceTree = "<group>"; };
		044EEBB01EC5F9800092CFD3 /* UploadSermonesVC.swift */ = {isa = PBXFileReference; fileEncoding = 4; lastKnownFileType = sourcecode.swift; path = UploadSermonesVC.swift; sourceTree = "<group>"; };
		044EEBB31EC5F9B30092CFD3 /* BottomUploadMusicCell.swift */ = {isa = PBXFileReference; fileEncoding = 4; lastKnownFileType = sourcecode.swift; path = BottomUploadMusicCell.swift; sourceTree = "<group>"; };
		044EEBB41EC5F9B30092CFD3 /* BottomUploadMusicCell.xib */ = {isa = PBXFileReference; fileEncoding = 4; lastKnownFileType = file.xib; path = BottomUploadMusicCell.xib; sourceTree = "<group>"; };
		044EEBB51EC5F9B30092CFD3 /* TopCellUploadMusicCell.swift */ = {isa = PBXFileReference; fileEncoding = 4; lastKnownFileType = sourcecode.swift; path = TopCellUploadMusicCell.swift; sourceTree = "<group>"; };
		044EEBB61EC5F9B30092CFD3 /* TopCellUploadMusicCell.xib */ = {isa = PBXFileReference; fileEncoding = 4; lastKnownFileType = file.xib; path = TopCellUploadMusicCell.xib; sourceTree = "<group>"; };
		044EEBBD1EC5FA280092CFD3 /* UploadMusicTVC.swift */ = {isa = PBXFileReference; fileEncoding = 4; lastKnownFileType = sourcecode.swift; path = UploadMusicTVC.swift; sourceTree = "<group>"; };
		044EEBBF1EC5FA720092CFD3 /* MusicUploadTVC.swift */ = {isa = PBXFileReference; fileEncoding = 4; lastKnownFileType = sourcecode.swift; path = MusicUploadTVC.swift; sourceTree = "<group>"; };
		044EEBC01EC5FA720092CFD3 /* MusicUploadTVC.xib */ = {isa = PBXFileReference; fileEncoding = 4; lastKnownFileType = file.xib; path = MusicUploadTVC.xib; sourceTree = "<group>"; };
		044EEBC61EC6034E0092CFD3 /* UploadMovieTVC.swift */ = {isa = PBXFileReference; fileEncoding = 4; lastKnownFileType = sourcecode.swift; path = UploadMovieTVC.swift; sourceTree = "<group>"; };
		045B25661EDC09060019D2D6 /* CollectionViewCell.swift */ = {isa = PBXFileReference; fileEncoding = 4; lastKnownFileType = sourcecode.swift; path = CollectionViewCell.swift; sourceTree = "<group>"; };
		0476ED0F1ED81CF4006AE7E2 /* ViewController.swift */ = {isa = PBXFileReference; fileEncoding = 4; lastKnownFileType = sourcecode.swift; path = ViewController.swift; sourceTree = "<group>"; };
		0476ED121ED81DE7006AE7E2 /* ContentProviderType.swift */ = {isa = PBXFileReference; fileEncoding = 4; lastKnownFileType = sourcecode.swift; path = ContentProviderType.swift; sourceTree = "<group>"; };
		0476ED141ED81DFC006AE7E2 /* ScripureMediaType.swift */ = {isa = PBXFileReference; fileEncoding = 4; lastKnownFileType = sourcecode.swift; path = ScripureMediaType.swift; sourceTree = "<group>"; };
		0476ED161ED82BD3006AE7E2 /* MediaCellType.swift */ = {isa = PBXFileReference; fileEncoding = 4; lastKnownFileType = sourcecode.swift; path = MediaCellType.swift; sourceTree = "<group>"; };
		0476ED1A1ED82C46006AE7E2 /* Verse_Media.swift */ = {isa = PBXFileReference; fileEncoding = 4; lastKnownFileType = sourcecode.swift; path = Verse_Media.swift; sourceTree = "<group>"; };
		0476ED1C1ED84455006AE7E2 /* CollectionView.swift */ = {isa = PBXFileReference; fileEncoding = 4; lastKnownFileType = sourcecode.swift; path = CollectionView.swift; sourceTree = "<group>"; };
		0476ED1E1ED84891006AE7E2 /* Media.swift */ = {isa = PBXFileReference; fileEncoding = 4; lastKnownFileType = sourcecode.swift; path = Media.swift; sourceTree = "<group>"; };
		04F8E9C91EB0921A0034360D /* CustomProgressSlider.swift */ = {isa = PBXFileReference; fileEncoding = 4; lastKnownFileType = sourcecode.swift; path = CustomProgressSlider.swift; sourceTree = "<group>"; };
		04F8E9CA1EB0921A0034360D /* YTFAnimation.swift */ = {isa = PBXFileReference; fileEncoding = 4; lastKnownFileType = sourcecode.swift; path = YTFAnimation.swift; sourceTree = "<group>"; };
		04F8E9CB1EB0921A0034360D /* YTFPlayer.swift */ = {isa = PBXFileReference; fileEncoding = 4; lastKnownFileType = sourcecode.swift; path = YTFPlayer.swift; sourceTree = "<group>"; };
		04F8E9CC1EB0921A0034360D /* YTFPlayerControls.swift */ = {isa = PBXFileReference; fileEncoding = 4; lastKnownFileType = sourcecode.swift; path = YTFPlayerControls.swift; sourceTree = "<group>"; };
		04F8E9CD1EB0921A0034360D /* YTFPopupCloseButton.swift */ = {isa = PBXFileReference; fileEncoding = 4; lastKnownFileType = sourcecode.swift; path = YTFPopupCloseButton.swift; sourceTree = "<group>"; };
		04F8E9CE1EB0921A0034360D /* YTFViewController.swift */ = {isa = PBXFileReference; fileEncoding = 4; lastKnownFileType = sourcecode.swift; path = YTFViewController.swift; sourceTree = "<group>"; };
		04F8E9D51EB092200034360D /* YTFViewController.xib */ = {isa = PBXFileReference; fileEncoding = 4; lastKnownFileType = file.xib; path = YTFViewController.xib; sourceTree = "<group>"; };
		0C71489361770A093F5A7F13 /* Pods-BibleAppUITests.debug.xcconfig */ = {isa = PBXFileReference; includeInIndex = 1; lastKnownFileType = text.xcconfig; name = "Pods-BibleAppUITests.debug.xcconfig"; path = "Pods/Target Support Files/Pods-BibleAppUITests/Pods-BibleAppUITests.debug.xcconfig"; sourceTree = "<group>"; };
		0F055EDF1EE4C9E700F1B533 /* NewLoginViewController.swift */ = {isa = PBXFileReference; fileEncoding = 4; lastKnownFileType = sourcecode.swift; name = NewLoginViewController.swift; path = NewLogin/Controllers/NewLoginViewController.swift; sourceTree = "<group>"; };
		0F055EE21EEB62EE00F1B533 /* EmailVerifierController.swift */ = {isa = PBXFileReference; fileEncoding = 4; lastKnownFileType = sourcecode.swift; name = EmailVerifierController.swift; path = NewLogin/Controllers/EmailVerifierController.swift; sourceTree = "<group>"; };
		0FBCB7F91EE4BBE900DC201A /* Base */ = {isa = PBXFileReference; lastKnownFileType = file.storyboard; name = Base; path = Base.lproj/NewLogIn.storyboard; sourceTree = "<group>"; };
		133D04727C7164D22B26B4F6 /* Pods-BibleApp.release.xcconfig */ = {isa = PBXFileReference; includeInIndex = 1; lastKnownFileType = text.xcconfig; name = "Pods-BibleApp.release.xcconfig"; path = "Pods/Target Support Files/Pods-BibleApp/Pods-BibleApp.release.xcconfig"; sourceTree = "<group>"; };
		1892965988D60EDD70AD9F58 /* Pods-BibleApp.debug.xcconfig */ = {isa = PBXFileReference; includeInIndex = 1; lastKnownFileType = text.xcconfig; name = "Pods-BibleApp.debug.xcconfig"; path = "Pods/Target Support Files/Pods-BibleApp/Pods-BibleApp.debug.xcconfig"; sourceTree = "<group>"; };
		2B005BC81EA91EC6000CD94D /* RoundedButton.swift */ = {isa = PBXFileReference; fileEncoding = 4; lastKnownFileType = sourcecode.swift; path = RoundedButton.swift; sourceTree = "<group>"; };
		2B2A93E31EA795E6007464F0 /* LivingWords.app */ = {isa = PBXFileReference; explicitFileType = wrapper.application; includeInIndex = 0; path = LivingWords.app; sourceTree = BUILT_PRODUCTS_DIR; };
		2B2A93E61EA795E6007464F0 /* AppDelegate.swift */ = {isa = PBXFileReference; lastKnownFileType = sourcecode.swift; path = AppDelegate.swift; sourceTree = "<group>"; };
		2B2A93E81EA795E6007464F0 /* SplashViewController.swift */ = {isa = PBXFileReference; lastKnownFileType = sourcecode.swift; path = SplashViewController.swift; sourceTree = "<group>"; };
		2B2A93EB1EA795E6007464F0 /* Base */ = {isa = PBXFileReference; lastKnownFileType = file.storyboard; name = Base; path = Base.lproj/Main.storyboard; sourceTree = "<group>"; };
		2B2A93ED1EA795E6007464F0 /* Assets.xcassets */ = {isa = PBXFileReference; lastKnownFileType = folder.assetcatalog; path = Assets.xcassets; sourceTree = "<group>"; };
		2B2A93F01EA795E6007464F0 /* Base */ = {isa = PBXFileReference; lastKnownFileType = file.storyboard; name = Base; path = Base.lproj/LaunchScreen.storyboard; sourceTree = "<group>"; };
		2B2A93F21EA795E6007464F0 /* Info.plist */ = {isa = PBXFileReference; lastKnownFileType = text.plist.xml; path = Info.plist; sourceTree = "<group>"; };
		2B2A93F71EA795E6007464F0 /* BibleAppTests.xctest */ = {isa = PBXFileReference; explicitFileType = wrapper.cfbundle; includeInIndex = 0; path = BibleAppTests.xctest; sourceTree = BUILT_PRODUCTS_DIR; };
		2B2A93FB1EA795E6007464F0 /* BibleAppTests.swift */ = {isa = PBXFileReference; lastKnownFileType = sourcecode.swift; path = BibleAppTests.swift; sourceTree = "<group>"; };
		2B2A93FD1EA795E6007464F0 /* Info.plist */ = {isa = PBXFileReference; lastKnownFileType = text.plist.xml; path = Info.plist; sourceTree = "<group>"; };
		2B2A94021EA795E6007464F0 /* BibleAppUITests.xctest */ = {isa = PBXFileReference; explicitFileType = wrapper.cfbundle; includeInIndex = 0; path = BibleAppUITests.xctest; sourceTree = BUILT_PRODUCTS_DIR; };
		2B2A94061EA795E6007464F0 /* BibleAppUITests.swift */ = {isa = PBXFileReference; lastKnownFileType = sourcecode.swift; path = BibleAppUITests.swift; sourceTree = "<group>"; };
		2B2A94081EA795E6007464F0 /* Info.plist */ = {isa = PBXFileReference; lastKnownFileType = text.plist.xml; path = Info.plist; sourceTree = "<group>"; };
		2B3BEC611EAF118700BD1BE0 /* CustomSearchBar.swift */ = {isa = PBXFileReference; fileEncoding = 4; lastKnownFileType = sourcecode.swift; path = CustomSearchBar.swift; sourceTree = "<group>"; };
		2B3BEC631EAF4EF500BD1BE0 /* CustomTextField.swift */ = {isa = PBXFileReference; fileEncoding = 4; lastKnownFileType = sourcecode.swift; path = CustomTextField.swift; sourceTree = "<group>"; };
		2B4423DD1EA9E6D5006AB9CF /* ScriptureTableViewCell.xib */ = {isa = PBXFileReference; fileEncoding = 4; lastKnownFileType = file.xib; path = ScriptureTableViewCell.xib; sourceTree = "<group>"; };
		2B4423DF1EA9E6E1006AB9CF /* MainTableView.storyboard */ = {isa = PBXFileReference; fileEncoding = 4; lastKnownFileType = file.storyboard; path = MainTableView.storyboard; sourceTree = "<group>"; };
		2B4423E11EA9E6E9006AB9CF /* MainTableViewController.swift */ = {isa = PBXFileReference; fileEncoding = 4; lastKnownFileType = sourcecode.swift; path = MainTableViewController.swift; sourceTree = "<group>"; };
		2B4423E31EA9E6F0006AB9CF /* ScriptureTableViewCell.swift */ = {isa = PBXFileReference; fileEncoding = 4; lastKnownFileType = sourcecode.swift; path = ScriptureTableViewCell.swift; sourceTree = "<group>"; };
		2B4423E51EA9E6F6006AB9CF /* Scripture.swift */ = {isa = PBXFileReference; fileEncoding = 4; lastKnownFileType = sourcecode.swift; path = Scripture.swift; sourceTree = "<group>"; };
		2B4423E91EAA502D006AB9CF /* User.swift */ = {isa = PBXFileReference; fileEncoding = 4; lastKnownFileType = sourcecode.swift; path = User.swift; sourceTree = "<group>"; };
		2B4423EB1EAA54EB006AB9CF /* AlamofireService.swift */ = {isa = PBXFileReference; fileEncoding = 4; lastKnownFileType = sourcecode.swift; path = AlamofireService.swift; sourceTree = "<group>"; };
		2B472F111EAE2E8B004084F1 /* Search.swift */ = {isa = PBXFileReference; fileEncoding = 4; lastKnownFileType = sourcecode.swift; path = Search.swift; sourceTree = "<group>"; };
		3A55447A1ECC7DD8003D2EFD /* ContentProviderProfile.storyboard */ = {isa = PBXFileReference; fileEncoding = 4; lastKnownFileType = file.storyboard; path = ContentProviderProfile.storyboard; sourceTree = "<group>"; };
		3A55447C1ECC99D8003D2EFD /* ContentProviderProfileVC.swift */ = {isa = PBXFileReference; fileEncoding = 4; lastKnownFileType = sourcecode.swift; path = ContentProviderProfileVC.swift; sourceTree = "<group>"; };
		3ADA61E91EC9FC93006AB3F2 /* Post.swift */ = {isa = PBXFileReference; fileEncoding = 4; lastKnownFileType = sourcecode.swift; path = Post.swift; sourceTree = "<group>"; };
		3ADA61EB1ECB039B006AB3F2 /* ProfileViewController.swift */ = {isa = PBXFileReference; fileEncoding = 4; lastKnownFileType = sourcecode.swift; path = ProfileViewController.swift; sourceTree = "<group>"; };
		5C66193F18101901D177366C /* Pods-BibleAppUITests.release.xcconfig */ = {isa = PBXFileReference; includeInIndex = 1; lastKnownFileType = text.xcconfig; name = "Pods-BibleAppUITests.release.xcconfig"; path = "Pods/Target Support Files/Pods-BibleAppUITests/Pods-BibleAppUITests.release.xcconfig"; sourceTree = "<group>"; };
		6185881FF9E472B1B3C72FA9 /* Pods_BibleAppUITests.framework */ = {isa = PBXFileReference; explicitFileType = wrapper.framework; includeInIndex = 0; path = Pods_BibleAppUITests.framework; sourceTree = BUILT_PRODUCTS_DIR; };
		75A131C28D06EEFC8C7AAC32 /* Pods-BibleAppTests.release.xcconfig */ = {isa = PBXFileReference; includeInIndex = 1; lastKnownFileType = text.xcconfig; name = "Pods-BibleAppTests.release.xcconfig"; path = "Pods/Target Support Files/Pods-BibleAppTests/Pods-BibleAppTests.release.xcconfig"; sourceTree = "<group>"; };
		7825EAF11EB32EF600C1D180 /* Login.storyboard */ = {isa = PBXFileReference; fileEncoding = 4; lastKnownFileType = file.storyboard; path = Login.storyboard; sourceTree = "<group>"; };
		7825EAFA1EB352BA00C1D180 /* HomeViewController.swift */ = {isa = PBXFileReference; fileEncoding = 4; lastKnownFileType = sourcecode.swift; path = HomeViewController.swift; sourceTree = "<group>"; };
		7825EAFC1EB3C50F00C1D180 /* RoundedTextField.swift */ = {isa = PBXFileReference; fileEncoding = 4; lastKnownFileType = sourcecode.swift; path = RoundedTextField.swift; sourceTree = "<group>"; };
		784D52281EB2394600A27112 /* CustomView.swift */ = {isa = PBXFileReference; fileEncoding = 4; lastKnownFileType = sourcecode.swift; path = CustomView.swift; sourceTree = "<group>"; };
		784D522A1EB23E5E00A27112 /* CustomCurveView.swift */ = {isa = PBXFileReference; fileEncoding = 4; lastKnownFileType = sourcecode.swift; path = CustomCurveView.swift; sourceTree = "<group>"; };
		D061C126F7F34DDE66BB4323 /* Pods_BibleAppTests.framework */ = {isa = PBXFileReference; explicitFileType = wrapper.framework; includeInIndex = 0; path = Pods_BibleAppTests.framework; sourceTree = BUILT_PRODUCTS_DIR; };
		FC3EFC971EC4898000C46837 /* BookUpload.storyboard */ = {isa = PBXFileReference; fileEncoding = 4; lastKnownFileType = file.storyboard; path = BookUpload.storyboard; sourceTree = "<group>"; };
		FC3EFC991EC48C7B00C46837 /* AuthorNameTableViewCell.swift */ = {isa = PBXFileReference; fileEncoding = 4; lastKnownFileType = sourcecode.swift; path = AuthorNameTableViewCell.swift; sourceTree = "<group>"; };
		FC3EFC9C1EC48CB500C46837 /* AuthorNameTableViewCell.xib */ = {isa = PBXFileReference; fileEncoding = 4; lastKnownFileType = file.xib; path = AuthorNameTableViewCell.xib; sourceTree = "<group>"; };
		FC3EFC9E1EC48D6100C46837 /* BookUploadViewController.swift */ = {isa = PBXFileReference; fileEncoding = 4; lastKnownFileType = sourcecode.swift; path = BookUploadViewController.swift; sourceTree = "<group>"; };
		FC3EFCA21EC4972500C46837 /* UploadBookTableViewCell.swift */ = {isa = PBXFileReference; fileEncoding = 4; lastKnownFileType = sourcecode.swift; path = UploadBookTableViewCell.swift; sourceTree = "<group>"; };
		FC3EFCA41EC4974200C46837 /* UploadBookTableViewCell.xib */ = {isa = PBXFileReference; fileEncoding = 4; lastKnownFileType = file.xib; path = UploadBookTableViewCell.xib; sourceTree = "<group>"; };
		FC3EFCA71EC49CEF00C46837 /* TagScriptureTableViewCell.swift */ = {isa = PBXFileReference; fileEncoding = 4; lastKnownFileType = sourcecode.swift; path = TagScriptureTableViewCell.swift; sourceTree = "<group>"; };
		FC3EFCA91EC49D0D00C46837 /* TagScriptureTableViewCell.xib */ = {isa = PBXFileReference; fileEncoding = 4; lastKnownFileType = file.xib; path = TagScriptureTableViewCell.xib; sourceTree = "<group>"; };
		FC3EFCAC1EC4A12F00C46837 /* BookDescriptionTableViewCell.swift */ = {isa = PBXFileReference; fileEncoding = 4; lastKnownFileType = sourcecode.swift; path = BookDescriptionTableViewCell.swift; sourceTree = "<group>"; };
		FC3EFCAE1EC4A14200C46837 /* BookDescriptionTableViewCell.xib */ = {isa = PBXFileReference; fileEncoding = 4; lastKnownFileType = file.xib; path = BookDescriptionTableViewCell.xib; sourceTree = "<group>"; };
		FC3EFCB11EC4A1E100C46837 /* TagsTableViewCell.swift */ = {isa = PBXFileReference; fileEncoding = 4; lastKnownFileType = sourcecode.swift; path = TagsTableViewCell.swift; sourceTree = "<group>"; };
		FC3EFCB31EC4A21500C46837 /* TagsTableViewCell.xib */ = {isa = PBXFileReference; fileEncoding = 4; lastKnownFileType = file.xib; path = TagsTableViewCell.xib; sourceTree = "<group>"; };
		FC3EFCB51EC4CAAE00C46837 /* ScriptureSelectionViewController.swift */ = {isa = PBXFileReference; fileEncoding = 4; lastKnownFileType = sourcecode.swift; path = ScriptureSelectionViewController.swift; sourceTree = "<group>"; };
		FC3EFCB81EC4CEE600C46837 /* ScriptureSelectionTableViewCell.swift */ = {isa = PBXFileReference; fileEncoding = 4; lastKnownFileType = sourcecode.swift; path = ScriptureSelectionTableViewCell.swift; sourceTree = "<group>"; };
		FC3EFCBA1EC4CF0100C46837 /* ScriptureSelectionTableViewCell.xib */ = {isa = PBXFileReference; fileEncoding = 4; lastKnownFileType = file.xib; path = ScriptureSelectionTableViewCell.xib; sourceTree = "<group>"; };
		FC6470581ED70835001BB623 /* ProfileMediaTableViewCell.xib */ = {isa = PBXFileReference; fileEncoding = 4; lastKnownFileType = file.xib; path = ProfileMediaTableViewCell.xib; sourceTree = "<group>"; };
		FC64705A1ED70B64001BB623 /* ProfileMediaTableViewCell.swift */ = {isa = PBXFileReference; fileEncoding = 4; lastKnownFileType = sourcecode.swift; path = ProfileMediaTableViewCell.swift; sourceTree = "<group>"; };
		FC64705C1ED70B7A001BB623 /* ProfileCollectionViewCell.swift */ = {isa = PBXFileReference; fileEncoding = 4; lastKnownFileType = sourcecode.swift; path = ProfileCollectionViewCell.swift; sourceTree = "<group>"; };
		FC64705E1ED70B98001BB623 /* ProfileCollectionViewCell.xib */ = {isa = PBXFileReference; fileEncoding = 4; lastKnownFileType = file.xib; path = ProfileCollectionViewCell.xib; sourceTree = "<group>"; };
/* End PBXFileReference section */

/* Begin PBXFrameworksBuildPhase section */
		2B2A93E01EA795E6007464F0 /* Frameworks */ = {
			isa = PBXFrameworksBuildPhase;
			buildActionMask = 2147483647;
			files = (
				A8151FD2FEADD86FADB49607 /* Pods_BibleApp.framework in Frameworks */,
			);
			runOnlyForDeploymentPostprocessing = 0;
		};
		2B2A93F41EA795E6007464F0 /* Frameworks */ = {
			isa = PBXFrameworksBuildPhase;
			buildActionMask = 2147483647;
			files = (
				21205B3E02A79102CF14E726 /* Pods_BibleAppTests.framework in Frameworks */,
			);
			runOnlyForDeploymentPostprocessing = 0;
		};
		2B2A93FF1EA795E6007464F0 /* Frameworks */ = {
			isa = PBXFrameworksBuildPhase;
			buildActionMask = 2147483647;
			files = (
				08C5E7E9FFACB480AB6786CB /* Pods_BibleAppUITests.framework in Frameworks */,
			);
			runOnlyForDeploymentPostprocessing = 0;
		};
/* End PBXFrameworksBuildPhase section */

/* Begin PBXGroup section */
		041018721EAE31CB00745DED /* Media */ = {
			isa = PBXGroup;
			children = (
				041018811EAE45EC00745DED /* Models */,
				041018751EAE321900745DED /* Views */,
				0410187E1EAE3D8A00745DED /* Controllers */,
				041018731EAE31E800745DED /* Media.storyboard */,
			);
			name = Media;
			sourceTree = "<group>";
		};
		041018751EAE321900745DED /* Views */ = {
			isa = PBXGroup;
			children = (
				041018761EAE336100745DED /* AllMediaTVCell.swift */,
				041018771EAE336100745DED /* AllMediaTVCell.xib */,
				0410187A1EAE3BE900745DED /* MediaCollectionViewCell.swift */,
				0410187B1EAE3BE900745DED /* MediaCollectionViewCell.xib */,
				04F8E9CE1EB0921A0034360D /* YTFViewController.swift */,
				04F8E9D51EB092200034360D /* YTFViewController.xib */,
				04405B6B1EB347D900F16687 /* BookTypeCollectionVCell.swift */,
				04405B6C1EB347D900F16687 /* BookTypeCollectionVCell.xib */,
			);
			name = Views;
			sourceTree = "<group>";
		};
		0410187E1EAE3D8A00745DED /* Controllers */ = {
			isa = PBXGroup;
			children = (
				0410187F1EAE3DE000745DED /* MainMediaViewController.swift */,
				04F8E9C91EB0921A0034360D /* CustomProgressSlider.swift */,
				04F8E9CA1EB0921A0034360D /* YTFAnimation.swift */,
				04F8E9CB1EB0921A0034360D /* YTFPlayer.swift */,
				04F8E9CC1EB0921A0034360D /* YTFPlayerControls.swift */,
				04F8E9CD1EB0921A0034360D /* YTFPopupCloseButton.swift */,
			);
			name = Controllers;
			sourceTree = "<group>";
		};
		041018811EAE45EC00745DED /* Models */ = {
			isa = PBXGroup;
			children = (
				041018821EAE47C800745DED /* MediaModel.swift */,
				044491681EB1D24E0048BB05 /* MediaModelCell.swift */,
				0476ED1A1ED82C46006AE7E2 /* Verse_Media.swift */,
			);
			name = Models;
			sourceTree = "<group>";
		};
		044EEBC31EC602440092CFD3 /* Views */ = {
			isa = PBXGroup;
			children = (
				044EEBB31EC5F9B30092CFD3 /* BottomUploadMusicCell.swift */,
				044EEBB41EC5F9B30092CFD3 /* BottomUploadMusicCell.xib */,
				044EEBB51EC5F9B30092CFD3 /* TopCellUploadMusicCell.swift */,
				044EEBB61EC5F9B30092CFD3 /* TopCellUploadMusicCell.xib */,
				044EEBBF1EC5FA720092CFD3 /* MusicUploadTVC.swift */,
				044EEBC01EC5FA720092CFD3 /* MusicUploadTVC.xib */,
			);
			name = Views;
			sourceTree = "<group>";
		};
		0476ED0E1ED81CAC006AE7E2 /* Model */ = {
			isa = PBXGroup;
			children = (
				2B4423E51EA9E6F6006AB9CF /* Scripture.swift */,
			);
			name = Model;
			sourceTree = "<group>";
		};
		0476ED111ED81DB0006AE7E2 /* Enums */ = {
			isa = PBXGroup;
			children = (
				0476ED121ED81DE7006AE7E2 /* ContentProviderType.swift */,
				0476ED141ED81DFC006AE7E2 /* ScripureMediaType.swift */,
				0476ED161ED82BD3006AE7E2 /* MediaCellType.swift */,
				0476ED1E1ED84891006AE7E2 /* Media.swift */,
			);
			name = Enums;
			sourceTree = "<group>";
		};
		0F055EE11EE4C9EC00F1B533 /* Controllers */ = {
			isa = PBXGroup;
			children = (
				0F055EDF1EE4C9E700F1B533 /* NewLoginViewController.swift */,
				0F055EE21EEB62EE00F1B533 /* EmailVerifierController.swift */,
			);
			name = Controllers;
			sourceTree = "<group>";
		};
		0FBCB7F71EE4BBBA00DC201A /* New Login */ = {
			isa = PBXGroup;
			children = (
				0FBCB7F81EE4BBE900DC201A /* NewLogIn.storyboard */,
				0F055EE11EE4C9EC00F1B533 /* Controllers */,
			);
			name = "New Login";
			sourceTree = "<group>";
		};
		2B2A93DA1EA795E6007464F0 = {
			isa = PBXGroup;
			children = (
				2B2A93E51EA795E6007464F0 /* BibleApp */,
				2B2A93FA1EA795E6007464F0 /* BibleAppTests */,
				2B2A94051EA795E6007464F0 /* BibleAppUITests */,
				2B2A93E41EA795E6007464F0 /* Products */,
				C84B09BE911FB0CC574E25B5 /* Pods */,
				CFF91B489692E0089DAF9ED7 /* Frameworks */,
			);
			sourceTree = "<group>";
		};
		2B2A93E41EA795E6007464F0 /* Products */ = {
			isa = PBXGroup;
			children = (
				2B2A93E31EA795E6007464F0 /* LivingWords.app */,
				2B2A93F71EA795E6007464F0 /* BibleAppTests.xctest */,
				2B2A94021EA795E6007464F0 /* BibleAppUITests.xctest */,
			);
			name = Products;
			sourceTree = "<group>";
		};
		2B2A93E51EA795E6007464F0 /* BibleApp */ = {
			isa = PBXGroup;
			children = (
				2B2A94141EA79AA7007464F0 /* PresentationLogic */,
				2B2A94151EA79ABB007464F0 /* BussinessLogic */,
				0476ED111ED81DB0006AE7E2 /* Enums */,
				2B2A941B1EA79B42007464F0 /* Extensions */,
				2B472ED11EADD301004084F1 /* Resources */,
				2B2A93E61EA795E6007464F0 /* AppDelegate.swift */,
				2B2A93ED1EA795E6007464F0 /* Assets.xcassets */,
				2B2A93EF1EA795E6007464F0 /* LaunchScreen.storyboard */,
				2B2A93F21EA795E6007464F0 /* Info.plist */,
				04148D891EA8C2140056D18E /* GoogleService-Info.plist */,
			);
			path = BibleApp;
			sourceTree = "<group>";
		};
		2B2A93FA1EA795E6007464F0 /* BibleAppTests */ = {
			isa = PBXGroup;
			children = (
				2B2A93FB1EA795E6007464F0 /* BibleAppTests.swift */,
				2B2A93FD1EA795E6007464F0 /* Info.plist */,
			);
			path = BibleAppTests;
			sourceTree = "<group>";
		};
		2B2A94051EA795E6007464F0 /* BibleAppUITests */ = {
			isa = PBXGroup;
			children = (
				2B2A94061EA795E6007464F0 /* BibleAppUITests.swift */,
				2B2A94081EA795E6007464F0 /* Info.plist */,
			);
			path = BibleAppUITests;
			sourceTree = "<group>";
		};
		2B2A94141EA79AA7007464F0 /* PresentationLogic */ = {
			isa = PBXGroup;
			children = (
				3A5544761ECC7D41003D2EFD /* Content Provider Profile */,
				FC3EFC941EC4894A00C46837 /* BookUpload */,
				7825EAF31EB3329700C1D180 /* Main */,
				041018721EAE31CB00745DED /* Media */,
				2B4423DC1EA9E6C0006AB9CF /* Reading Books */,
				2B2A941D1EA79B6C007464F0 /* Search */,
				2B2A94161EA79AED007464F0 /* Login */,
				0FBCB7F71EE4BBBA00DC201A /* New Login */,
			);
			name = PresentationLogic;
			sourceTree = "<group>";
		};
		2B2A94151EA79ABB007464F0 /* BussinessLogic */ = {
			isa = PBXGroup;
			children = (
				2B472ECF1EADD255004084F1 /* Networking */,
				2B472ECE1EADD1D7004084F1 /* Models */,
			);
			name = BussinessLogic;
			sourceTree = "<group>";
		};
		2B2A94161EA79AED007464F0 /* Login */ = {
			isa = PBXGroup;
			children = (
				2B2A941A1EA79B35007464F0 /* Views */,
				2B2A94191EA79B28007464F0 /* Controllers */,
				7825EAF11EB32EF600C1D180 /* Login.storyboard */,
			);
			name = Login;
			sourceTree = "<group>";
		};
		2B2A94191EA79B28007464F0 /* Controllers */ = {
			isa = PBXGroup;
			children = (
				04148D871EA899A60056D18E /* SignInViewController.swift */,
				04405B6F1EB36F8500F16687 /* ForgotPasswordViewController.swift */,
				04405B711EB36FAE00F16687 /* NewPasswordViewController.swift */,
			);
			name = Controllers;
			sourceTree = "<group>";
		};
		2B2A941A1EA79B35007464F0 /* Views */ = {
			isa = PBXGroup;
			children = (
				7825EAFC1EB3C50F00C1D180 /* RoundedTextField.swift */,
				2B005BC81EA91EC6000CD94D /* RoundedButton.swift */,
			);
			name = Views;
			sourceTree = "<group>";
		};
		2B2A941B1EA79B42007464F0 /* Extensions */ = {
			isa = PBXGroup;
			children = (
				041BAEC21ECC52A20010A34C /* Constants.swift */,
				0476ED0F1ED81CF4006AE7E2 /* ViewController.swift */,
				0476ED1C1ED84455006AE7E2 /* CollectionView.swift */,
				045B25661EDC09060019D2D6 /* CollectionViewCell.swift */,
			);
			name = Extensions;
			sourceTree = "<group>";
		};
		2B2A941D1EA79B6C007464F0 /* Search */ = {
			isa = PBXGroup;
			children = (
			);
			name = Search;
			sourceTree = "<group>";
		};
		2B4423DC1EA9E6C0006AB9CF /* Reading Books */ = {
			isa = PBXGroup;
			children = (
				0476ED0E1ED81CAC006AE7E2 /* Model */,
				2B4423E81EA9E729006AB9CF /* Views */,
				2B4423E71EA9E711006AB9CF /* Controllers */,
				2B4423DF1EA9E6E1006AB9CF /* MainTableView.storyboard */,
			);
			name = "Reading Books";
			sourceTree = "<group>";
		};
		2B4423E71EA9E711006AB9CF /* Controllers */ = {
			isa = PBXGroup;
			children = (
				2B4423E11EA9E6E9006AB9CF /* MainTableViewController.swift */,
			);
			name = Controllers;
			sourceTree = "<group>";
		};
		2B4423E81EA9E729006AB9CF /* Views */ = {
			isa = PBXGroup;
			children = (
				2B3BEC631EAF4EF500BD1BE0 /* CustomTextField.swift */,
				784D52281EB2394600A27112 /* CustomView.swift */,
				2B3BEC611EAF118700BD1BE0 /* CustomSearchBar.swift */,
				2B4423E31EA9E6F0006AB9CF /* ScriptureTableViewCell.swift */,
				2B4423DD1EA9E6D5006AB9CF /* ScriptureTableViewCell.xib */,
				784D522A1EB23E5E00A27112 /* CustomCurveView.swift */,
			);
			name = Views;
			sourceTree = "<group>";
		};
		2B472ECD1EADD1BC004084F1 /* Services */ = {
			isa = PBXGroup;
			children = (
				2B4423EB1EAA54EB006AB9CF /* AlamofireService.swift */,
			);
			name = Services;
			sourceTree = "<group>";
		};
		2B472ECE1EADD1D7004084F1 /* Models */ = {
			isa = PBXGroup;
			children = (
				2B4423E91EAA502D006AB9CF /* User.swift */,
				2B472F111EAE2E8B004084F1 /* Search.swift */,
				3ADA61E91EC9FC93006AB3F2 /* Post.swift */,
				044BA0841ED462F0004C09E5 /* Verse.swift */,
			);
			name = Models;
			sourceTree = "<group>";
		};
		2B472ECF1EADD255004084F1 /* Networking */ = {
			isa = PBXGroup;
			children = (
				2B472ED01EADD26E004084F1 /* API */,
				2B472ECD1EADD1BC004084F1 /* Services */,
			);
			name = Networking;
			sourceTree = "<group>";
		};
		2B472ED01EADD26E004084F1 /* API */ = {
			isa = PBXGroup;
			children = (
				0422F1471EAA3340003A0054 /* LivingWordsAPI.swift */,
			);
			name = API;
			sourceTree = "<group>";
		};
		2B472ED11EADD301004084F1 /* Resources */ = {
			isa = PBXGroup;
			children = (
				2B472ED21EADD32F004084F1 /* ExternalLibraries */,
			);
			name = Resources;
			sourceTree = "<group>";
		};
		2B472ED21EADD32F004084F1 /* ExternalLibraries */ = {
			isa = PBXGroup;
			children = (
				041018701EADE30000745DED /* AlamofireObjectMapper.swift */,
			);
			name = ExternalLibraries;
			sourceTree = "<group>";
		};
		3A5544761ECC7D41003D2EFD /* Content Provider Profile */ = {
			isa = PBXGroup;
			children = (
				3A5544771ECC7D60003D2EFD /* Models */,
				3A5544791ECC7D79003D2EFD /* Views */,
				3A5544781ECC7D71003D2EFD /* Controllers */,
				3A55447A1ECC7DD8003D2EFD /* ContentProviderProfile.storyboard */,
			);
			name = "Content Provider Profile";
			sourceTree = "<group>";
		};
		3A5544771ECC7D60003D2EFD /* Models */ = {
			isa = PBXGroup;
			children = (
			);
			name = Models;
			sourceTree = "<group>";
		};
		3A5544781ECC7D71003D2EFD /* Controllers */ = {
			isa = PBXGroup;
			children = (
				3A55447C1ECC99D8003D2EFD /* ContentProviderProfileVC.swift */,
			);
			name = Controllers;
			sourceTree = "<group>";
		};
		3A5544791ECC7D79003D2EFD /* Views */ = {
			isa = PBXGroup;
			children = (
			);
			name = Views;
			sourceTree = "<group>";
		};
		3ADA61ED1ECB4119006AB3F2 /* Models */ = {
			isa = PBXGroup;
			children = (
			);
			name = Models;
			sourceTree = "<group>";
		};
		7825EAF31EB3329700C1D180 /* Main */ = {
			isa = PBXGroup;
			children = (
				FC6470561ED705FE001BB623 /* Profile */,
				3ADA61ED1ECB4119006AB3F2 /* Models */,
				044EEBC31EC602440092CFD3 /* Views */,
				7825EAF41EB333C300C1D180 /* Controllers */,
				2B2A93EA1EA795E6007464F0 /* Main.storyboard */,
			);
			name = Main;
			sourceTree = "<group>";
		};
		7825EAF41EB333C300C1D180 /* Controllers */ = {
			isa = PBXGroup;
			children = (
				044EEBBD1EC5FA280092CFD3 /* UploadMusicTVC.swift */,
				2B2A93E81EA795E6007464F0 /* SplashViewController.swift */,
				044EEBAF1EC5F9800092CFD3 /* LinkViewController.swift */,
				044EEBB01EC5F9800092CFD3 /* UploadSermonesVC.swift */,
				7825EAFA1EB352BA00C1D180 /* HomeViewController.swift */,
				044EEBC61EC6034E0092CFD3 /* UploadMovieTVC.swift */,
			);
			name = Controllers;
			sourceTree = "<group>";
		};
		C84B09BE911FB0CC574E25B5 /* Pods */ = {
			isa = PBXGroup;
			children = (
				1892965988D60EDD70AD9F58 /* Pods-BibleApp.debug.xcconfig */,
				133D04727C7164D22B26B4F6 /* Pods-BibleApp.release.xcconfig */,
				01EE202EC68D66D91CD0C9FF /* Pods-BibleAppTests.debug.xcconfig */,
				75A131C28D06EEFC8C7AAC32 /* Pods-BibleAppTests.release.xcconfig */,
				0C71489361770A093F5A7F13 /* Pods-BibleAppUITests.debug.xcconfig */,
				5C66193F18101901D177366C /* Pods-BibleAppUITests.release.xcconfig */,
			);
			name = Pods;
			sourceTree = "<group>";
		};
		CFF91B489692E0089DAF9ED7 /* Frameworks */ = {
			isa = PBXGroup;
			children = (
				00904AFE42544FD65EB14C33 /* Pods_BibleApp.framework */,
				D061C126F7F34DDE66BB4323 /* Pods_BibleAppTests.framework */,
				6185881FF9E472B1B3C72FA9 /* Pods_BibleAppUITests.framework */,
			);
			name = Frameworks;
			sourceTree = "<group>";
		};
		FC3EFC941EC4894A00C46837 /* BookUpload */ = {
			isa = PBXGroup;
			children = (
				FC3EFC961EC4896500C46837 /* Views */,
				FC3EFC951EC4895700C46837 /* Controllers */,
				FC3EFC971EC4898000C46837 /* BookUpload.storyboard */,
			);
			name = BookUpload;
			sourceTree = "<group>";
		};
		FC3EFC951EC4895700C46837 /* Controllers */ = {
			isa = PBXGroup;
			children = (
				FC3EFC9E1EC48D6100C46837 /* BookUploadViewController.swift */,
				FC3EFCB51EC4CAAE00C46837 /* ScriptureSelectionViewController.swift */,
			);
			name = Controllers;
			sourceTree = "<group>";
		};
		FC3EFC961EC4896500C46837 /* Views */ = {
			isa = PBXGroup;
			children = (
				FC3EFCB71EC4CEBF00C46837 /* ScriptureSelectionCell */,
				FC3EFCB01EC4A1B300C46837 /* TagsCell */,
				FC3EFCAB1EC4A10A00C46837 /* BookDescriptionCell */,
				FC3EFCA61EC49CCC00C46837 /* TagScriptureCell */,
				FC3EFCA11EC496FB00C46837 /* UploadBookCell */,
				FC3EFC9B1EC48C8200C46837 /* AuthorNameCell */,
			);
			name = Views;
			sourceTree = "<group>";
		};
		FC3EFC9B1EC48C8200C46837 /* AuthorNameCell */ = {
			isa = PBXGroup;
			children = (
				FC3EFC991EC48C7B00C46837 /* AuthorNameTableViewCell.swift */,
				FC3EFC9C1EC48CB500C46837 /* AuthorNameTableViewCell.xib */,
			);
			name = AuthorNameCell;
			sourceTree = "<group>";
		};
		FC3EFCA11EC496FB00C46837 /* UploadBookCell */ = {
			isa = PBXGroup;
			children = (
				FC3EFCA21EC4972500C46837 /* UploadBookTableViewCell.swift */,
				FC3EFCA41EC4974200C46837 /* UploadBookTableViewCell.xib */,
			);
			name = UploadBookCell;
			sourceTree = "<group>";
		};
		FC3EFCA61EC49CCC00C46837 /* TagScriptureCell */ = {
			isa = PBXGroup;
			children = (
				FC3EFCA71EC49CEF00C46837 /* TagScriptureTableViewCell.swift */,
				FC3EFCA91EC49D0D00C46837 /* TagScriptureTableViewCell.xib */,
			);
			name = TagScriptureCell;
			sourceTree = "<group>";
		};
		FC3EFCAB1EC4A10A00C46837 /* BookDescriptionCell */ = {
			isa = PBXGroup;
			children = (
				FC3EFCAC1EC4A12F00C46837 /* BookDescriptionTableViewCell.swift */,
				FC3EFCAE1EC4A14200C46837 /* BookDescriptionTableViewCell.xib */,
			);
			name = BookDescriptionCell;
			sourceTree = "<group>";
		};
		FC3EFCB01EC4A1B300C46837 /* TagsCell */ = {
			isa = PBXGroup;
			children = (
				FC3EFCB11EC4A1E100C46837 /* TagsTableViewCell.swift */,
				FC3EFCB31EC4A21500C46837 /* TagsTableViewCell.xib */,
			);
			name = TagsCell;
			sourceTree = "<group>";
		};
		FC3EFCB71EC4CEBF00C46837 /* ScriptureSelectionCell */ = {
			isa = PBXGroup;
			children = (
				FC3EFCB81EC4CEE600C46837 /* ScriptureSelectionTableViewCell.swift */,
				FC3EFCBA1EC4CF0100C46837 /* ScriptureSelectionTableViewCell.xib */,
			);
			name = ScriptureSelectionCell;
			sourceTree = "<group>";
		};
		FC6470561ED705FE001BB623 /* Profile */ = {
			isa = PBXGroup;
			children = (
				FC6470571ED70612001BB623 /* Views */,
				3ADA61EB1ECB039B006AB3F2 /* ProfileViewController.swift */,
			);
			name = Profile;
			sourceTree = "<group>";
		};
		FC6470571ED70612001BB623 /* Views */ = {
			isa = PBXGroup;
			children = (
				FC64705A1ED70B64001BB623 /* ProfileMediaTableViewCell.swift */,
				FC6470581ED70835001BB623 /* ProfileMediaTableViewCell.xib */,
				FC64705C1ED70B7A001BB623 /* ProfileCollectionViewCell.swift */,
				FC64705E1ED70B98001BB623 /* ProfileCollectionViewCell.xib */,
			);
			name = Views;
			sourceTree = "<group>";
		};
/* End PBXGroup section */

/* Begin PBXNativeTarget section */
		2B2A93E21EA795E6007464F0 /* BibleApp */ = {
			isa = PBXNativeTarget;
			buildConfigurationList = 2B2A940B1EA795E6007464F0 /* Build configuration list for PBXNativeTarget "BibleApp" */;
			buildPhases = (
				386E36DB36B1F8D6BDCDBB71 /* [CP] Check Pods Manifest.lock */,
				2B2A93DF1EA795E6007464F0 /* Sources */,
				2B2A93E01EA795E6007464F0 /* Frameworks */,
				2B2A93E11EA795E6007464F0 /* Resources */,
				078467C94C58B6B3FB4C16B1 /* [CP] Embed Pods Frameworks */,
				26933A0E8863016598A0732C /* [CP] Copy Pods Resources */,
			);
			buildRules = (
			);
			dependencies = (
			);
			name = BibleApp;
			productName = BibleApp;
			productReference = 2B2A93E31EA795E6007464F0 /* LivingWords.app */;
			productType = "com.apple.product-type.application";
		};
		2B2A93F61EA795E6007464F0 /* BibleAppTests */ = {
			isa = PBXNativeTarget;
			buildConfigurationList = 2B2A940E1EA795E6007464F0 /* Build configuration list for PBXNativeTarget "BibleAppTests" */;
			buildPhases = (
				C23632A35535D4DC7C55AA8A /* [CP] Check Pods Manifest.lock */,
				2B2A93F31EA795E6007464F0 /* Sources */,
				2B2A93F41EA795E6007464F0 /* Frameworks */,
				2B2A93F51EA795E6007464F0 /* Resources */,
				6158A55FF3100D76DE9D6DC1 /* [CP] Embed Pods Frameworks */,
				89818798A3AB6A9A7FAC1E05 /* [CP] Copy Pods Resources */,
			);
			buildRules = (
			);
			dependencies = (
				2B2A93F91EA795E6007464F0 /* PBXTargetDependency */,
			);
			name = BibleAppTests;
			productName = BibleAppTests;
			productReference = 2B2A93F71EA795E6007464F0 /* BibleAppTests.xctest */;
			productType = "com.apple.product-type.bundle.unit-test";
		};
		2B2A94011EA795E6007464F0 /* BibleAppUITests */ = {
			isa = PBXNativeTarget;
			buildConfigurationList = 2B2A94111EA795E6007464F0 /* Build configuration list for PBXNativeTarget "BibleAppUITests" */;
			buildPhases = (
				690A6952EB341C8F64989CB7 /* [CP] Check Pods Manifest.lock */,
				2B2A93FE1EA795E6007464F0 /* Sources */,
				2B2A93FF1EA795E6007464F0 /* Frameworks */,
				2B2A94001EA795E6007464F0 /* Resources */,
				D01D7576BE308494AF2B2679 /* [CP] Embed Pods Frameworks */,
				53E16F37473FACF521BF21C8 /* [CP] Copy Pods Resources */,
			);
			buildRules = (
			);
			dependencies = (
				2B2A94041EA795E6007464F0 /* PBXTargetDependency */,
			);
			name = BibleAppUITests;
			productName = BibleAppUITests;
			productReference = 2B2A94021EA795E6007464F0 /* BibleAppUITests.xctest */;
			productType = "com.apple.product-type.bundle.ui-testing";
		};
/* End PBXNativeTarget section */

/* Begin PBXProject section */
		2B2A93DB1EA795E6007464F0 /* Project object */ = {
			isa = PBXProject;
			attributes = {
				LastSwiftUpdateCheck = 0820;
				LastUpgradeCheck = 0820;
				ORGANIZATIONNAME = "Igor Makara";
				TargetAttributes = {
					2B2A93E21EA795E6007464F0 = {
						CreatedOnToolsVersion = 8.2.1;
						DevelopmentTeam = B6Y5S54D52;
						ProvisioningStyle = Automatic;
					};
					2B2A93F61EA795E6007464F0 = {
						CreatedOnToolsVersion = 8.2.1;
						ProvisioningStyle = Automatic;
						TestTargetID = 2B2A93E21EA795E6007464F0;
					};
					2B2A94011EA795E6007464F0 = {
						CreatedOnToolsVersion = 8.2.1;
						ProvisioningStyle = Automatic;
						TestTargetID = 2B2A93E21EA795E6007464F0;
					};
				};
			};
			buildConfigurationList = 2B2A93DE1EA795E6007464F0 /* Build configuration list for PBXProject "BibleApp" */;
			compatibilityVersion = "Xcode 3.2";
			developmentRegion = English;
			hasScannedForEncodings = 0;
			knownRegions = (
				en,
				Base,
			);
			mainGroup = 2B2A93DA1EA795E6007464F0;
			productRefGroup = 2B2A93E41EA795E6007464F0 /* Products */;
			projectDirPath = "";
			projectRoot = "";
			targets = (
				2B2A93E21EA795E6007464F0 /* BibleApp */,
				2B2A93F61EA795E6007464F0 /* BibleAppTests */,
				2B2A94011EA795E6007464F0 /* BibleAppUITests */,
			);
		};
/* End PBXProject section */

/* Begin PBXResourcesBuildPhase section */
		2B2A93E11EA795E6007464F0 /* Resources */ = {
			isa = PBXResourcesBuildPhase;
			buildActionMask = 2147483647;
			files = (
				04F8E9D61EB092200034360D /* YTFViewController.xib in Resources */,
				044EEBB91EC5F9B30092CFD3 /* BottomUploadMusicCell.xib in Resources */,
				FC6470591ED70835001BB623 /* ProfileMediaTableViewCell.xib in Resources */,
				0410187D1EAE3BE900745DED /* MediaCollectionViewCell.xib in Resources */,
				2B4423DE1EA9E6D5006AB9CF /* ScriptureTableViewCell.xib in Resources */,
				041018791EAE336100745DED /* AllMediaTVCell.xib in Resources */,
				FC3EFCB41EC4A21500C46837 /* TagsTableViewCell.xib in Resources */,
				2B4423E01EA9E6E1006AB9CF /* MainTableView.storyboard in Resources */,
				FC3EFC981EC4898000C46837 /* BookUpload.storyboard in Resources */,
				0FBCB7FA1EE4BBE900DC201A /* NewLogIn.storyboard in Resources */,
				2B2A93F11EA795E6007464F0 /* LaunchScreen.storyboard in Resources */,
				04405B6E1EB347D900F16687 /* BookTypeCollectionVCell.xib in Resources */,
				04148D8A1EA8C2140056D18E /* GoogleService-Info.plist in Resources */,
				2B2A93EE1EA795E6007464F0 /* Assets.xcassets in Resources */,
				2B2A93EC1EA795E6007464F0 /* Main.storyboard in Resources */,
				3A55447B1ECC7DD8003D2EFD /* ContentProviderProfile.storyboard in Resources */,
				041018741EAE31E800745DED /* Media.storyboard in Resources */,
				FC3EFCBB1EC4CF0100C46837 /* ScriptureSelectionTableViewCell.xib in Resources */,
				7825EAF21EB32EF600C1D180 /* Login.storyboard in Resources */,
				FC3EFCA51EC4974200C46837 /* UploadBookTableViewCell.xib in Resources */,
				FC3EFCAA1EC49D0D00C46837 /* TagScriptureTableViewCell.xib in Resources */,
				044EEBC21EC5FA720092CFD3 /* MusicUploadTVC.xib in Resources */,
				FC3EFC9D1EC48CB500C46837 /* AuthorNameTableViewCell.xib in Resources */,
				044EEBBB1EC5F9B30092CFD3 /* TopCellUploadMusicCell.xib in Resources */,
				FC3EFCAF1EC4A14200C46837 /* BookDescriptionTableViewCell.xib in Resources */,
				FC64705F1ED70B98001BB623 /* ProfileCollectionViewCell.xib in Resources */,
			);
			runOnlyForDeploymentPostprocessing = 0;
		};
		2B2A93F51EA795E6007464F0 /* Resources */ = {
			isa = PBXResourcesBuildPhase;
			buildActionMask = 2147483647;
			files = (
			);
			runOnlyForDeploymentPostprocessing = 0;
		};
		2B2A94001EA795E6007464F0 /* Resources */ = {
			isa = PBXResourcesBuildPhase;
			buildActionMask = 2147483647;
			files = (
			);
			runOnlyForDeploymentPostprocessing = 0;
		};
/* End PBXResourcesBuildPhase section */

/* Begin PBXShellScriptBuildPhase section */
		078467C94C58B6B3FB4C16B1 /* [CP] Embed Pods Frameworks */ = {
			isa = PBXShellScriptBuildPhase;
			buildActionMask = 2147483647;
			files = (
			);
			inputPaths = (
			);
			name = "[CP] Embed Pods Frameworks";
			outputPaths = (
			);
			runOnlyForDeploymentPostprocessing = 0;
			shellPath = /bin/sh;
			shellScript = "\"${SRCROOT}/Pods/Target Support Files/Pods-BibleApp/Pods-BibleApp-frameworks.sh\"\n";
			showEnvVarsInLog = 0;
		};
		26933A0E8863016598A0732C /* [CP] Copy Pods Resources */ = {
			isa = PBXShellScriptBuildPhase;
			buildActionMask = 2147483647;
			files = (
			);
			inputPaths = (
			);
			name = "[CP] Copy Pods Resources";
			outputPaths = (
			);
			runOnlyForDeploymentPostprocessing = 0;
			shellPath = /bin/sh;
			shellScript = "\"${SRCROOT}/Pods/Target Support Files/Pods-BibleApp/Pods-BibleApp-resources.sh\"\n";
			showEnvVarsInLog = 0;
		};
		386E36DB36B1F8D6BDCDBB71 /* [CP] Check Pods Manifest.lock */ = {
			isa = PBXShellScriptBuildPhase;
			buildActionMask = 2147483647;
			files = (
			);
			inputPaths = (
			);
			name = "[CP] Check Pods Manifest.lock";
			outputPaths = (
			);
			runOnlyForDeploymentPostprocessing = 0;
			shellPath = /bin/sh;
			shellScript = "diff \"${PODS_PODFILE_DIR_PATH}/Podfile.lock\" \"${PODS_ROOT}/Manifest.lock\" > /dev/null\nif [ $? != 0 ] ; then\n    # print error to STDERR\n    echo \"error: The sandbox is not in sync with the Podfile.lock. Run 'pod install' or update your CocoaPods installation.\" >&2\n    exit 1\nfi\n";
			showEnvVarsInLog = 0;
		};
		53E16F37473FACF521BF21C8 /* [CP] Copy Pods Resources */ = {
			isa = PBXShellScriptBuildPhase;
			buildActionMask = 2147483647;
			files = (
			);
			inputPaths = (
			);
			name = "[CP] Copy Pods Resources";
			outputPaths = (
			);
			runOnlyForDeploymentPostprocessing = 0;
			shellPath = /bin/sh;
			shellScript = "\"${SRCROOT}/Pods/Target Support Files/Pods-BibleAppUITests/Pods-BibleAppUITests-resources.sh\"\n";
			showEnvVarsInLog = 0;
		};
		6158A55FF3100D76DE9D6DC1 /* [CP] Embed Pods Frameworks */ = {
			isa = PBXShellScriptBuildPhase;
			buildActionMask = 2147483647;
			files = (
			);
			inputPaths = (
			);
			name = "[CP] Embed Pods Frameworks";
			outputPaths = (
			);
			runOnlyForDeploymentPostprocessing = 0;
			shellPath = /bin/sh;
			shellScript = "\"${SRCROOT}/Pods/Target Support Files/Pods-BibleAppTests/Pods-BibleAppTests-frameworks.sh\"\n";
			showEnvVarsInLog = 0;
		};
		690A6952EB341C8F64989CB7 /* [CP] Check Pods Manifest.lock */ = {
			isa = PBXShellScriptBuildPhase;
			buildActionMask = 2147483647;
			files = (
			);
			inputPaths = (
			);
			name = "[CP] Check Pods Manifest.lock";
			outputPaths = (
			);
			runOnlyForDeploymentPostprocessing = 0;
			shellPath = /bin/sh;
			shellScript = "diff \"${PODS_PODFILE_DIR_PATH}/Podfile.lock\" \"${PODS_ROOT}/Manifest.lock\" > /dev/null\nif [ $? != 0 ] ; then\n    # print error to STDERR\n    echo \"error: The sandbox is not in sync with the Podfile.lock. Run 'pod install' or update your CocoaPods installation.\" >&2\n    exit 1\nfi\n";
			showEnvVarsInLog = 0;
		};
		89818798A3AB6A9A7FAC1E05 /* [CP] Copy Pods Resources */ = {
			isa = PBXShellScriptBuildPhase;
			buildActionMask = 2147483647;
			files = (
			);
			inputPaths = (
			);
			name = "[CP] Copy Pods Resources";
			outputPaths = (
			);
			runOnlyForDeploymentPostprocessing = 0;
			shellPath = /bin/sh;
			shellScript = "\"${SRCROOT}/Pods/Target Support Files/Pods-BibleAppTests/Pods-BibleAppTests-resources.sh\"\n";
			showEnvVarsInLog = 0;
		};
		C23632A35535D4DC7C55AA8A /* [CP] Check Pods Manifest.lock */ = {
			isa = PBXShellScriptBuildPhase;
			buildActionMask = 2147483647;
			files = (
			);
			inputPaths = (
			);
			name = "[CP] Check Pods Manifest.lock";
			outputPaths = (
			);
			runOnlyForDeploymentPostprocessing = 0;
			shellPath = /bin/sh;
			shellScript = "diff \"${PODS_PODFILE_DIR_PATH}/Podfile.lock\" \"${PODS_ROOT}/Manifest.lock\" > /dev/null\nif [ $? != 0 ] ; then\n    # print error to STDERR\n    echo \"error: The sandbox is not in sync with the Podfile.lock. Run 'pod install' or update your CocoaPods installation.\" >&2\n    exit 1\nfi\n";
			showEnvVarsInLog = 0;
		};
		D01D7576BE308494AF2B2679 /* [CP] Embed Pods Frameworks */ = {
			isa = PBXShellScriptBuildPhase;
			buildActionMask = 2147483647;
			files = (
			);
			inputPaths = (
			);
			name = "[CP] Embed Pods Frameworks";
			outputPaths = (
			);
			runOnlyForDeploymentPostprocessing = 0;
			shellPath = /bin/sh;
			shellScript = "\"${SRCROOT}/Pods/Target Support Files/Pods-BibleAppUITests/Pods-BibleAppUITests-frameworks.sh\"\n";
			showEnvVarsInLog = 0;
		};
/* End PBXShellScriptBuildPhase section */

/* Begin PBXSourcesBuildPhase section */
		2B2A93DF1EA795E6007464F0 /* Sources */ = {
			isa = PBXSourcesBuildPhase;
			buildActionMask = 2147483647;
			files = (
				0F055EE31EEB62EE00F1B533 /* EmailVerifierController.swift in Sources */,
				784D52291EB2394600A27112 /* CustomView.swift in Sources */,
				2B3BEC621EAF118700BD1BE0 /* CustomSearchBar.swift in Sources */,
				2B472F121EAE2E8B004084F1 /* Search.swift in Sources */,
				2B2A93E91EA795E6007464F0 /* SplashViewController.swift in Sources */,
				FC3EFCA31EC4972500C46837 /* UploadBookTableViewCell.swift in Sources */,
				3A55447D1ECC99D8003D2EFD /* ContentProviderProfileVC.swift in Sources */,
				2B005BC91EA91EC6000CD94D /* RoundedButton.swift in Sources */,
				2B4423E41EA9E6F0006AB9CF /* ScriptureTableViewCell.swift in Sources */,
				0476ED171ED82BD3006AE7E2 /* MediaCellType.swift in Sources */,
				0476ED101ED81CF4006AE7E2 /* ViewController.swift in Sources */,
				044EEBB11EC5F9800092CFD3 /* LinkViewController.swift in Sources */,
				044EEBBE1EC5FA280092CFD3 /* UploadMusicTVC.swift in Sources */,
				044EEBBA1EC5F9B30092CFD3 /* TopCellUploadMusicCell.swift in Sources */,
				044EEBC11EC5FA720092CFD3 /* MusicUploadTVC.swift in Sources */,
				045B25671EDC09060019D2D6 /* CollectionViewCell.swift in Sources */,
				0410187C1EAE3BE900745DED /* MediaCollectionViewCell.swift in Sources */,
				04F8E9D41EB0921A0034360D /* YTFViewController.swift in Sources */,
				2B4423E61EA9E6F6006AB9CF /* Scripture.swift in Sources */,
				044BA0851ED462F0004C09E5 /* Verse.swift in Sources */,
				0422F1481EAA3340003A0054 /* LivingWordsAPI.swift in Sources */,
				041BAEC31ECC52A20010A34C /* Constants.swift in Sources */,
				04F8E9D11EB0921A0034360D /* YTFPlayer.swift in Sources */,
				7825EAFD1EB3C50F00C1D180 /* RoundedTextField.swift in Sources */,
				2B4423EA1EAA502D006AB9CF /* User.swift in Sources */,
				0476ED1F1ED84891006AE7E2 /* Media.swift in Sources */,
				04405B721EB36FAE00F16687 /* NewPasswordViewController.swift in Sources */,
				FC3EFCAD1EC4A12F00C46837 /* BookDescriptionTableViewCell.swift in Sources */,
				04405B6D1EB347D900F16687 /* BookTypeCollectionVCell.swift in Sources */,
				2B2A93E71EA795E6007464F0 /* AppDelegate.swift in Sources */,
				FC3EFCB91EC4CEE600C46837 /* ScriptureSelectionTableViewCell.swift in Sources */,
				FC3EFC9F1EC48D6100C46837 /* BookUploadViewController.swift in Sources */,
				04F8E9D31EB0921A0034360D /* YTFPopupCloseButton.swift in Sources */,
				FC3EFC9A1EC48C7B00C46837 /* AuthorNameTableViewCell.swift in Sources */,
				041018831EAE47C800745DED /* MediaModel.swift in Sources */,
				3ADA61EA1EC9FC93006AB3F2 /* Post.swift in Sources */,
				044491691EB1D24E0048BB05 /* MediaModelCell.swift in Sources */,
				0476ED1D1ED84455006AE7E2 /* CollectionView.swift in Sources */,
				044EEBB21EC5F9800092CFD3 /* UploadSermonesVC.swift in Sources */,
				0F055EE01EE4C9E700F1B533 /* NewLoginViewController.swift in Sources */,
				04148D881EA899A60056D18E /* SignInViewController.swift in Sources */,
				784D522B1EB23E5E00A27112 /* CustomCurveView.swift in Sources */,
				3ADA61EC1ECB039B006AB3F2 /* ProfileViewController.swift in Sources */,
				FC3EFCB61EC4CAAE00C46837 /* ScriptureSelectionViewController.swift in Sources */,
				FC64705B1ED70B64001BB623 /* ProfileMediaTableViewCell.swift in Sources */,
				044EEBB81EC5F9B30092CFD3 /* BottomUploadMusicCell.swift in Sources */,
				7825EAFB1EB352BA00C1D180 /* HomeViewController.swift in Sources */,
				041018711EADE30000745DED /* AlamofireObjectMapper.swift in Sources */,
				04F8E9D01EB0921A0034360D /* YTFAnimation.swift in Sources */,
				0476ED151ED81DFC006AE7E2 /* ScripureMediaType.swift in Sources */,
				2B4423EC1EAA54EB006AB9CF /* AlamofireService.swift in Sources */,
				041018781EAE336100745DED /* AllMediaTVCell.swift in Sources */,
				0476ED1B1ED82C46006AE7E2 /* Verse_Media.swift in Sources */,
				04F8E9CF1EB0921A0034360D /* CustomProgressSlider.swift in Sources */,
				FC3EFCA81EC49CF000C46837 /* TagScriptureTableViewCell.swift in Sources */,
				FC64705D1ED70B7A001BB623 /* ProfileCollectionViewCell.swift in Sources */,
				041018801EAE3DE000745DED /* MainMediaViewController.swift in Sources */,
				044EEBC71EC6034E0092CFD3 /* UploadMovieTVC.swift in Sources */,
				04405B701EB36F8500F16687 /* ForgotPasswordViewController.swift in Sources */,
				FC3EFCB21EC4A1E100C46837 /* TagsTableViewCell.swift in Sources */,
				04F8E9D21EB0921A0034360D /* YTFPlayerControls.swift in Sources */,
				2B4423E21EA9E6E9006AB9CF /* MainTableViewController.swift in Sources */,
				0476ED131ED81DE7006AE7E2 /* ContentProviderType.swift in Sources */,
				2B3BEC641EAF4EF500BD1BE0 /* CustomTextField.swift in Sources */,
			);
			runOnlyForDeploymentPostprocessing = 0;
		};
		2B2A93F31EA795E6007464F0 /* Sources */ = {
			isa = PBXSourcesBuildPhase;
			buildActionMask = 2147483647;
			files = (
				2B2A93FC1EA795E6007464F0 /* BibleAppTests.swift in Sources */,
			);
			runOnlyForDeploymentPostprocessing = 0;
		};
		2B2A93FE1EA795E6007464F0 /* Sources */ = {
			isa = PBXSourcesBuildPhase;
			buildActionMask = 2147483647;
			files = (
				2B2A94071EA795E6007464F0 /* BibleAppUITests.swift in Sources */,
			);
			runOnlyForDeploymentPostprocessing = 0;
		};
/* End PBXSourcesBuildPhase section */

/* Begin PBXTargetDependency section */
		2B2A93F91EA795E6007464F0 /* PBXTargetDependency */ = {
			isa = PBXTargetDependency;
			target = 2B2A93E21EA795E6007464F0 /* BibleApp */;
			targetProxy = 2B2A93F81EA795E6007464F0 /* PBXContainerItemProxy */;
		};
		2B2A94041EA795E6007464F0 /* PBXTargetDependency */ = {
			isa = PBXTargetDependency;
			target = 2B2A93E21EA795E6007464F0 /* BibleApp */;
			targetProxy = 2B2A94031EA795E6007464F0 /* PBXContainerItemProxy */;
		};
/* End PBXTargetDependency section */

/* Begin PBXVariantGroup section */
		0FBCB7F81EE4BBE900DC201A /* NewLogIn.storyboard */ = {
			isa = PBXVariantGroup;
			children = (
				0FBCB7F91EE4BBE900DC201A /* Base */,
			);
			name = NewLogIn.storyboard;
			sourceTree = "<group>";
		};
		2B2A93EA1EA795E6007464F0 /* Main.storyboard */ = {
			isa = PBXVariantGroup;
			children = (
				2B2A93EB1EA795E6007464F0 /* Base */,
			);
			name = Main.storyboard;
			sourceTree = "<group>";
		};
		2B2A93EF1EA795E6007464F0 /* LaunchScreen.storyboard */ = {
			isa = PBXVariantGroup;
			children = (
				2B2A93F01EA795E6007464F0 /* Base */,
			);
			name = LaunchScreen.storyboard;
			sourceTree = "<group>";
		};
/* End PBXVariantGroup section */

/* Begin XCBuildConfiguration section */
		2B2A94091EA795E6007464F0 /* Debug */ = {
			isa = XCBuildConfiguration;
			buildSettings = {
				ALWAYS_SEARCH_USER_PATHS = NO;
				CLANG_ANALYZER_NONNULL = YES;
				CLANG_CXX_LANGUAGE_STANDARD = "gnu++0x";
				CLANG_CXX_LIBRARY = "libc++";
				CLANG_ENABLE_MODULES = YES;
				CLANG_ENABLE_OBJC_ARC = YES;
				CLANG_WARN_BOOL_CONVERSION = YES;
				CLANG_WARN_CONSTANT_CONVERSION = YES;
				CLANG_WARN_DIRECT_OBJC_ISA_USAGE = YES_ERROR;
				CLANG_WARN_DOCUMENTATION_COMMENTS = YES;
				CLANG_WARN_EMPTY_BODY = YES;
				CLANG_WARN_ENUM_CONVERSION = YES;
				CLANG_WARN_INFINITE_RECURSION = YES;
				CLANG_WARN_INT_CONVERSION = YES;
				CLANG_WARN_OBJC_ROOT_CLASS = YES_ERROR;
				CLANG_WARN_SUSPICIOUS_MOVE = YES;
				CLANG_WARN_UNREACHABLE_CODE = YES;
				CLANG_WARN__DUPLICATE_METHOD_MATCH = YES;
				"CODE_SIGN_IDENTITY[sdk=iphoneos*]" = "iPhone Developer";
				COPY_PHASE_STRIP = NO;
				DEBUG_INFORMATION_FORMAT = dwarf;
				ENABLE_STRICT_OBJC_MSGSEND = YES;
				ENABLE_TESTABILITY = YES;
				GCC_C_LANGUAGE_STANDARD = gnu99;
				GCC_DYNAMIC_NO_PIC = NO;
				GCC_NO_COMMON_BLOCKS = YES;
				GCC_OPTIMIZATION_LEVEL = 0;
				GCC_PREPROCESSOR_DEFINITIONS = (
					"DEBUG=1",
					"$(inherited)",
				);
				GCC_WARN_64_TO_32_BIT_CONVERSION = YES;
				GCC_WARN_ABOUT_RETURN_TYPE = YES_ERROR;
				GCC_WARN_UNDECLARED_SELECTOR = YES;
				GCC_WARN_UNINITIALIZED_AUTOS = YES_AGGRESSIVE;
				GCC_WARN_UNUSED_FUNCTION = YES;
				GCC_WARN_UNUSED_VARIABLE = YES;
				IPHONEOS_DEPLOYMENT_TARGET = 10.2;
				MTL_ENABLE_DEBUG_INFO = YES;
				ONLY_ACTIVE_ARCH = YES;
				SDKROOT = iphoneos;
				SWIFT_ACTIVE_COMPILATION_CONDITIONS = DEBUG;
				SWIFT_OPTIMIZATION_LEVEL = "-Onone";
				TARGETED_DEVICE_FAMILY = "1,2";
			};
			name = Debug;
		};
		2B2A940A1EA795E6007464F0 /* Release */ = {
			isa = XCBuildConfiguration;
			buildSettings = {
				ALWAYS_SEARCH_USER_PATHS = NO;
				CLANG_ANALYZER_NONNULL = YES;
				CLANG_CXX_LANGUAGE_STANDARD = "gnu++0x";
				CLANG_CXX_LIBRARY = "libc++";
				CLANG_ENABLE_MODULES = YES;
				CLANG_ENABLE_OBJC_ARC = YES;
				CLANG_WARN_BOOL_CONVERSION = YES;
				CLANG_WARN_CONSTANT_CONVERSION = YES;
				CLANG_WARN_DIRECT_OBJC_ISA_USAGE = YES_ERROR;
				CLANG_WARN_DOCUMENTATION_COMMENTS = YES;
				CLANG_WARN_EMPTY_BODY = YES;
				CLANG_WARN_ENUM_CONVERSION = YES;
				CLANG_WARN_INFINITE_RECURSION = YES;
				CLANG_WARN_INT_CONVERSION = YES;
				CLANG_WARN_OBJC_ROOT_CLASS = YES_ERROR;
				CLANG_WARN_SUSPICIOUS_MOVE = YES;
				CLANG_WARN_UNREACHABLE_CODE = YES;
				CLANG_WARN__DUPLICATE_METHOD_MATCH = YES;
				"CODE_SIGN_IDENTITY[sdk=iphoneos*]" = "iPhone Developer";
				COPY_PHASE_STRIP = NO;
				DEBUG_INFORMATION_FORMAT = "dwarf-with-dsym";
				ENABLE_NS_ASSERTIONS = NO;
				ENABLE_STRICT_OBJC_MSGSEND = YES;
				GCC_C_LANGUAGE_STANDARD = gnu99;
				GCC_NO_COMMON_BLOCKS = YES;
				GCC_WARN_64_TO_32_BIT_CONVERSION = YES;
				GCC_WARN_ABOUT_RETURN_TYPE = YES_ERROR;
				GCC_WARN_UNDECLARED_SELECTOR = YES;
				GCC_WARN_UNINITIALIZED_AUTOS = YES_AGGRESSIVE;
				GCC_WARN_UNUSED_FUNCTION = YES;
				GCC_WARN_UNUSED_VARIABLE = YES;
				IPHONEOS_DEPLOYMENT_TARGET = 10.2;
				MTL_ENABLE_DEBUG_INFO = NO;
				SDKROOT = iphoneos;
				SWIFT_OPTIMIZATION_LEVEL = "-Owholemodule";
				TARGETED_DEVICE_FAMILY = "1,2";
				VALIDATE_PRODUCT = YES;
			};
			name = Release;
		};
		2B2A940C1EA795E6007464F0 /* Debug */ = {
			isa = XCBuildConfiguration;
			baseConfigurationReference = 1892965988D60EDD70AD9F58 /* Pods-BibleApp.debug.xcconfig */;
			buildSettings = {
				ASSETCATALOG_COMPILER_APPICON_NAME = AppIcon;
				DEVELOPMENT_TEAM = B6Y5S54D52;
				INFOPLIST_FILE = BibleApp/Info.plist;
				IPHONEOS_DEPLOYMENT_TARGET = 9.3;
				LD_RUNPATH_SEARCH_PATHS = "$(inherited) @executable_path/Frameworks";
				PRODUCT_BUNDLE_IDENTIFIER = com.LivingWordsBible;
				PRODUCT_NAME = LivingWords;
				SWIFT_VERSION = 3.0;
				TARGETED_DEVICE_FAMILY = 1;
			};
			name = Debug;
		};
		2B2A940D1EA795E6007464F0 /* Release */ = {
			isa = XCBuildConfiguration;
			baseConfigurationReference = 133D04727C7164D22B26B4F6 /* Pods-BibleApp.release.xcconfig */;
			buildSettings = {
				ASSETCATALOG_COMPILER_APPICON_NAME = AppIcon;
				DEVELOPMENT_TEAM = B6Y5S54D52;
				INFOPLIST_FILE = BibleApp/Info.plist;
				IPHONEOS_DEPLOYMENT_TARGET = 9.3;
				LD_RUNPATH_SEARCH_PATHS = "$(inherited) @executable_path/Frameworks";
				PRODUCT_BUNDLE_IDENTIFIER = com.LivingWordsBible;
				PRODUCT_NAME = LivingWords;
				SWIFT_VERSION = 3.0;
				TARGETED_DEVICE_FAMILY = 1;
			};
			name = Release;
		};
		2B2A940F1EA795E6007464F0 /* Debug */ = {
			isa = XCBuildConfiguration;
			baseConfigurationReference = 01EE202EC68D66D91CD0C9FF /* Pods-BibleAppTests.debug.xcconfig */;
			buildSettings = {
				ALWAYS_EMBED_SWIFT_STANDARD_LIBRARIES = YES;
				BUNDLE_LOADER = "$(TEST_HOST)";
				INFOPLIST_FILE = BibleAppTests/Info.plist;
				LD_RUNPATH_SEARCH_PATHS = "$(inherited) @executable_path/Frameworks @loader_path/Frameworks";
				PRODUCT_BUNDLE_IDENTIFIER = com.BibleAppTests;
				PRODUCT_NAME = "$(TARGET_NAME)";
				SWIFT_VERSION = 3.0;
				TEST_HOST = "$(BUILT_PRODUCTS_DIR)/BibleApp.app/BibleApp";
			};
			name = Debug;
		};
		2B2A94101EA795E6007464F0 /* Release */ = {
			isa = XCBuildConfiguration;
			baseConfigurationReference = 75A131C28D06EEFC8C7AAC32 /* Pods-BibleAppTests.release.xcconfig */;
			buildSettings = {
				ALWAYS_EMBED_SWIFT_STANDARD_LIBRARIES = YES;
				BUNDLE_LOADER = "$(TEST_HOST)";
				INFOPLIST_FILE = BibleAppTests/Info.plist;
				LD_RUNPATH_SEARCH_PATHS = "$(inherited) @executable_path/Frameworks @loader_path/Frameworks";
				PRODUCT_BUNDLE_IDENTIFIER = com.BibleAppTests;
				PRODUCT_NAME = "$(TARGET_NAME)";
				SWIFT_VERSION = 3.0;
				TEST_HOST = "$(BUILT_PRODUCTS_DIR)/BibleApp.app/BibleApp";
			};
			name = Release;
		};
		2B2A94121EA795E6007464F0 /* Debug */ = {
			isa = XCBuildConfiguration;
			baseConfigurationReference = 0C71489361770A093F5A7F13 /* Pods-BibleAppUITests.debug.xcconfig */;
			buildSettings = {
				ALWAYS_EMBED_SWIFT_STANDARD_LIBRARIES = YES;
				INFOPLIST_FILE = BibleAppUITests/Info.plist;
				LD_RUNPATH_SEARCH_PATHS = "$(inherited) @executable_path/Frameworks @loader_path/Frameworks";
				PRODUCT_BUNDLE_IDENTIFIER = com.BibleAppUITests;
				PRODUCT_NAME = "$(TARGET_NAME)";
				SWIFT_VERSION = 3.0;
				TEST_TARGET_NAME = BibleApp;
			};
			name = Debug;
		};
		2B2A94131EA795E6007464F0 /* Release */ = {
			isa = XCBuildConfiguration;
			baseConfigurationReference = 5C66193F18101901D177366C /* Pods-BibleAppUITests.release.xcconfig */;
			buildSettings = {
				ALWAYS_EMBED_SWIFT_STANDARD_LIBRARIES = YES;
				INFOPLIST_FILE = BibleAppUITests/Info.plist;
				LD_RUNPATH_SEARCH_PATHS = "$(inherited) @executable_path/Frameworks @loader_path/Frameworks";
				PRODUCT_BUNDLE_IDENTIFIER = com.BibleAppUITests;
				PRODUCT_NAME = "$(TARGET_NAME)";
				SWIFT_VERSION = 3.0;
				TEST_TARGET_NAME = BibleApp;
			};
			name = Release;
		};
/* End XCBuildConfiguration section */

/* Begin XCConfigurationList section */
		2B2A93DE1EA795E6007464F0 /* Build configuration list for PBXProject "BibleApp" */ = {
			isa = XCConfigurationList;
			buildConfigurations = (
				2B2A94091EA795E6007464F0 /* Debug */,
				2B2A940A1EA795E6007464F0 /* Release */,
			);
			defaultConfigurationIsVisible = 0;
			defaultConfigurationName = Release;
		};
		2B2A940B1EA795E6007464F0 /* Build configuration list for PBXNativeTarget "BibleApp" */ = {
			isa = XCConfigurationList;
			buildConfigurations = (
				2B2A940C1EA795E6007464F0 /* Debug */,
				2B2A940D1EA795E6007464F0 /* Release */,
			);
			defaultConfigurationIsVisible = 0;
			defaultConfigurationName = Release;
		};
		2B2A940E1EA795E6007464F0 /* Build configuration list for PBXNativeTarget "BibleAppTests" */ = {
			isa = XCConfigurationList;
			buildConfigurations = (
				2B2A940F1EA795E6007464F0 /* Debug */,
				2B2A94101EA795E6007464F0 /* Release */,
			);
			defaultConfigurationIsVisible = 0;
			defaultConfigurationName = Release;
		};
		2B2A94111EA795E6007464F0 /* Build configuration list for PBXNativeTarget "BibleAppUITests" */ = {
			isa = XCConfigurationList;
			buildConfigurations = (
				2B2A94121EA795E6007464F0 /* Debug */,
				2B2A94131EA795E6007464F0 /* Release */,
			);
			defaultConfigurationIsVisible = 0;
			defaultConfigurationName = Release;
		};
/* End XCConfigurationList section */
	};
	rootObject = 2B2A93DB1EA795E6007464F0 /* Project object */;
}
